// !$*UTF8*$!
{
	archiveVersion = 1;
	classes = {
	};
	objectVersion = 46;
	objects = {

/* Begin PBXBuildFile section */
		274894FB2AA0F32DFD59FC82 /* Pods_ThingyUITests.framework in Frameworks */ = {isa = PBXBuildFile; fileRef = 7408342CA01D5419321DA893 /* Pods_ThingyUITests.framework */; };
		38019B581E422E44003AFFE6 /* UserStoryboard.storyboard in Resources */ = {isa = PBXBuildFile; fileRef = 38019B571E422E44003AFFE6 /* UserStoryboard.storyboard */; };
		381CC45D1E381D7500D87FA0 /* AllCommentsViewController.swift in Sources */ = {isa = PBXBuildFile; fileRef = 381CC45B1E381D7500D87FA0 /* AllCommentsViewController.swift */; };
		381CC45E1E381D7500D87FA0 /* AllCommentsViewController.xib in Resources */ = {isa = PBXBuildFile; fileRef = 381CC45C1E381D7500D87FA0 /* AllCommentsViewController.xib */; };
		381CC4601E381ECC00D87FA0 /* AllCommentsViewController+UITableViewDataSource.swift in Sources */ = {isa = PBXBuildFile; fileRef = 381CC45F1E381ECC00D87FA0 /* AllCommentsViewController+UITableViewDataSource.swift */; };
		381CC4621E381EE400D87FA0 /* AllCommentsViewController+UITableViewDelegate.swift in Sources */ = {isa = PBXBuildFile; fileRef = 381CC4611E381EE400D87FA0 /* AllCommentsViewController+UITableViewDelegate.swift */; };
		381DA5691E4BEAB6008E5D73 /* DestinationViewController.swift in Sources */ = {isa = PBXBuildFile; fileRef = 381DA5681E4BEAB6008E5D73 /* DestinationViewController.swift */; };
		381DA56C1E4CB81B008E5D73 /* DestinationViewController+UITableViewDataSource.swift in Sources */ = {isa = PBXBuildFile; fileRef = 381DA56B1E4CB81B008E5D73 /* DestinationViewController+UITableViewDataSource.swift */; };
		381DA56E1E4CB837008E5D73 /* DestinationViewController+UITableViewDelegate.swift in Sources */ = {isa = PBXBuildFile; fileRef = 381DA56D1E4CB837008E5D73 /* DestinationViewController+UITableViewDelegate.swift */; };
		381DA5711E4CF1AD008E5D73 /* DestinationTableViewCell.swift in Sources */ = {isa = PBXBuildFile; fileRef = 381DA56F1E4CF1AD008E5D73 /* DestinationTableViewCell.swift */; };
		381DA5721E4CF1AD008E5D73 /* DestinationTableViewCell.xib in Resources */ = {isa = PBXBuildFile; fileRef = 381DA5701E4CF1AD008E5D73 /* DestinationTableViewCell.xib */; };
		3825DDC11DCFE2E400F6D8F8 /* Feed+API.swift in Sources */ = {isa = PBXBuildFile; fileRef = 3825DDBE1DCFE2E400F6D8F8 /* Feed+API.swift */; };
		3825DDC21DCFE2E400F6D8F8 /* Thing+API.swift in Sources */ = {isa = PBXBuildFile; fileRef = 3825DDBF1DCFE2E400F6D8F8 /* Thing+API.swift */; };
		3825DDC31DCFE2E400F6D8F8 /* User+API.swift in Sources */ = {isa = PBXBuildFile; fileRef = 3825DDC01DCFE2E400F6D8F8 /* User+API.swift */; };
		3825DDC71DCFE2F400F6D8F8 /* String+Extensions.swift in Sources */ = {isa = PBXBuildFile; fileRef = 3825DDC51DCFE2F400F6D8F8 /* String+Extensions.swift */; };
		3825DDC81DCFE2F400F6D8F8 /* UIImageView+Extensions.swift in Sources */ = {isa = PBXBuildFile; fileRef = 3825DDC61DCFE2F400F6D8F8 /* UIImageView+Extensions.swift */; };
		3825DDCF1DCFE2FF00F6D8F8 /* Comment.swift in Sources */ = {isa = PBXBuildFile; fileRef = 3825DDCA1DCFE2FF00F6D8F8 /* Comment.swift */; };
		3825DDD01DCFE2FF00F6D8F8 /* FeedItem.swift in Sources */ = {isa = PBXBuildFile; fileRef = 3825DDCB1DCFE2FF00F6D8F8 /* FeedItem.swift */; };
		3825DDD11DCFE2FF00F6D8F8 /* Story.swift in Sources */ = {isa = PBXBuildFile; fileRef = 3825DDCC1DCFE2FF00F6D8F8 /* Story.swift */; };
		3825DDD21DCFE2FF00F6D8F8 /* Thing.swift in Sources */ = {isa = PBXBuildFile; fileRef = 3825DDCD1DCFE2FF00F6D8F8 /* Thing.swift */; };
		3825DDD31DCFE2FF00F6D8F8 /* User.swift in Sources */ = {isa = PBXBuildFile; fileRef = 3825DDCE1DCFE2FF00F6D8F8 /* User.swift */; };
		3825DDDA1DCFE31100F6D8F8 /* ThingyColors.swift in Sources */ = {isa = PBXBuildFile; fileRef = 3825DDD71DCFE31100F6D8F8 /* ThingyColors.swift */; };
		3825DDE01DCFE4E500F6D8F8 /* FeedVC.swift in Sources */ = {isa = PBXBuildFile; fileRef = 3825DDDE1DCFE4E500F6D8F8 /* FeedVC.swift */; };
		38333A7E1E6589DA0096D909 /* UIScrollView+YMSAdditions.m in Sources */ = {isa = PBXBuildFile; fileRef = 38333A631E6589DA0096D909 /* UIScrollView+YMSAdditions.m */; };
		38333A7F1E6589DA0096D909 /* UITableViewCell+YMSConfig.m in Sources */ = {isa = PBXBuildFile; fileRef = 38333A651E6589DA0096D909 /* UITableViewCell+YMSConfig.m */; };
		38333A801E6589DA0096D909 /* YMSAlbumCell.m in Sources */ = {isa = PBXBuildFile; fileRef = 38333A671E6589DA0096D909 /* YMSAlbumCell.m */; };
		38333A811E6589DA0096D909 /* YMSAlbumCell.xib in Resources */ = {isa = PBXBuildFile; fileRef = 38333A681E6589DA0096D909 /* YMSAlbumCell.xib */; };
		38333A821E6589DA0096D909 /* YMSAlbumPickerViewController.m in Sources */ = {isa = PBXBuildFile; fileRef = 38333A6A1E6589DA0096D909 /* YMSAlbumPickerViewController.m */; };
		38333A831E6589DA0096D909 /* YMSAlbumPickerViewController.xib in Resources */ = {isa = PBXBuildFile; fileRef = 38333A6B1E6589DA0096D909 /* YMSAlbumPickerViewController.xib */; };
		38333A841E6589DA0096D909 /* YMSCameraCell.m in Sources */ = {isa = PBXBuildFile; fileRef = 38333A6D1E6589DA0096D909 /* YMSCameraCell.m */; };
		38333A851E6589DA0096D909 /* YMSCameraCell.xib in Resources */ = {isa = PBXBuildFile; fileRef = 38333A6E1E6589DA0096D909 /* YMSCameraCell.xib */; };
		38333A861E6589DA0096D909 /* YMSPhotoCell.m in Sources */ = {isa = PBXBuildFile; fileRef = 38333A701E6589DA0096D909 /* YMSPhotoCell.m */; };
		38333A871E6589DA0096D909 /* YMSPhotoCell.xib in Resources */ = {isa = PBXBuildFile; fileRef = 38333A711E6589DA0096D909 /* YMSPhotoCell.xib */; };
		38333A881E6589DA0096D909 /* YMSSinglePhotoViewController.m in Sources */ = {isa = PBXBuildFile; fileRef = 38333A731E6589DA0096D909 /* YMSSinglePhotoViewController.m */; };
		38333A891E6589DA0096D909 /* YMSSinglePhotoViewController.xib in Resources */ = {isa = PBXBuildFile; fileRef = 38333A741E6589DA0096D909 /* YMSSinglePhotoViewController.xib */; };
		38333A8A1E6589DA0096D909 /* UIViewController+YMSPhotoHelper.m in Sources */ = {isa = PBXBuildFile; fileRef = 38333A771E6589DA0096D909 /* UIViewController+YMSPhotoHelper.m */; };
		38333A8B1E6589DA0096D909 /* YMSPhotoPickerTheme.m in Sources */ = {isa = PBXBuildFile; fileRef = 38333A791E6589DA0096D909 /* YMSPhotoPickerTheme.m */; };
		38333A8C1E6589DA0096D909 /* YMSPhotoPickerViewController.m in Sources */ = {isa = PBXBuildFile; fileRef = 38333A7B1E6589DA0096D909 /* YMSPhotoPickerViewController.m */; };
		38333A8D1E6589DA0096D909 /* YMSPhotoPickerViewController.xib in Resources */ = {isa = PBXBuildFile; fileRef = 38333A7C1E6589DA0096D909 /* YMSPhotoPickerViewController.xib */; };
		38333A8E1E6589DA0096D909 /* YMSPhotoPickerAssets.xcassets in Resources */ = {isa = PBXBuildFile; fileRef = 38333A7D1E6589DA0096D909 /* YMSPhotoPickerAssets.xcassets */; };
		383397A11E20274F005C1EFA /* Story+API.swift in Sources */ = {isa = PBXBuildFile; fileRef = 383397A01E20274F005C1EFA /* Story+API.swift */; };
		385B1A251E5CC7F400F808BC /* Gradients.swift in Sources */ = {isa = PBXBuildFile; fileRef = 385B1A241E5CC7F400F808BC /* Gradients.swift */; };
		385D6E621E26A35300E8F1A5 /* UserDetailTableViewCell.swift in Sources */ = {isa = PBXBuildFile; fileRef = 385D6E601E26A35300E8F1A5 /* UserDetailTableViewCell.swift */; };
		385D6E631E26A35300E8F1A5 /* UserDetailTableViewCell.xib in Resources */ = {isa = PBXBuildFile; fileRef = 385D6E611E26A35300E8F1A5 /* UserDetailTableViewCell.xib */; };
		385D6E651E26A96700E8F1A5 /* UserProfileVC+TableViewDelegate.swift in Sources */ = {isa = PBXBuildFile; fileRef = 385D6E641E26A96700E8F1A5 /* UserProfileVC+TableViewDelegate.swift */; };
		385D6E671E26A98700E8F1A5 /* UserProfileVC+TableViewDataSource.swift in Sources */ = {isa = PBXBuildFile; fileRef = 385D6E661E26A98700E8F1A5 /* UserProfileVC+TableViewDataSource.swift */; };
		385D6E6A1E26B7C900E8F1A5 /* ThingViewController.swift in Sources */ = {isa = PBXBuildFile; fileRef = 385D6E681E26B7C900E8F1A5 /* ThingViewController.swift */; };
		385D6E6D1E2802E800E8F1A5 /* ThingStoryboard.storyboard in Resources */ = {isa = PBXBuildFile; fileRef = 385D6E6C1E2802E800E8F1A5 /* ThingStoryboard.storyboard */; };
		385D6E6F1E282D9B00E8F1A5 /* ThingGalleryViewController.swift in Sources */ = {isa = PBXBuildFile; fileRef = 385D6E6E1E282D9B00E8F1A5 /* ThingGalleryViewController.swift */; };
		385D6E711E2840AC00E8F1A5 /* ThingViewController+UIPageViewControllerDataSource.swift in Sources */ = {isa = PBXBuildFile; fileRef = 385D6E701E2840AC00E8F1A5 /* ThingViewController+UIPageViewControllerDataSource.swift */; };
		385D6E731E28517A00E8F1A5 /* ThingViewController+UIPageViewControllerDelegate.swift in Sources */ = {isa = PBXBuildFile; fileRef = 385D6E721E28517A00E8F1A5 /* ThingViewController+UIPageViewControllerDelegate.swift */; };
		385D6E751E28676000E8F1A5 /* ThingViewController+UITableViewDataSource.swift in Sources */ = {isa = PBXBuildFile; fileRef = 385D6E741E28676000E8F1A5 /* ThingViewController+UITableViewDataSource.swift */; };
		385D6E771E2867D100E8F1A5 /* ThingViewController+UITableViewDelegate.swift in Sources */ = {isa = PBXBuildFile; fileRef = 385D6E761E2867D100E8F1A5 /* ThingViewController+UITableViewDelegate.swift */; };
		385D6E7C1E2ADCF100E8F1A5 /* CommentTableViewCell.swift in Sources */ = {isa = PBXBuildFile; fileRef = 385D6E7A1E2ADCF100E8F1A5 /* CommentTableViewCell.swift */; };
		385D6E7D1E2ADCF100E8F1A5 /* CommentTableViewCell.xib in Resources */ = {isa = PBXBuildFile; fileRef = 385D6E7B1E2ADCF100E8F1A5 /* CommentTableViewCell.xib */; };
		385D6E7F1E2AE49D00E8F1A5 /* Comment+Mock.swift in Sources */ = {isa = PBXBuildFile; fileRef = 385D6E7E1E2AE49D00E8F1A5 /* Comment+Mock.swift */; };
		385D6E811E2AF07E00E8F1A5 /* Database+Mock.swift in Sources */ = {isa = PBXBuildFile; fileRef = 385D6E801E2AF07E00E8F1A5 /* Database+Mock.swift */; };
		385D6E831E2C4E1F00E8F1A5 /* Int+Extensions.swift in Sources */ = {isa = PBXBuildFile; fileRef = 385D6E821E2C4E1F00E8F1A5 /* Int+Extensions.swift */; };
		385D6E861E2C5C4100E8F1A5 /* StoryViewController.swift in Sources */ = {isa = PBXBuildFile; fileRef = 385D6E841E2C5C4100E8F1A5 /* StoryViewController.swift */; };
		385D6E891E2CE1B800E8F1A5 /* StoryStoryboard.storyboard in Resources */ = {isa = PBXBuildFile; fileRef = 385D6E881E2CE1B800E8F1A5 /* StoryStoryboard.storyboard */; };
		385D6E8B1E2E6D6500E8F1A5 /* UIImage+Extensions.swift in Sources */ = {isa = PBXBuildFile; fileRef = 385D6E8A1E2E6D6500E8F1A5 /* UIImage+Extensions.swift */; };
		387A6CC31E2418D000834164 /* UserProfileVC.swift in Sources */ = {isa = PBXBuildFile; fileRef = 387A6CC21E2418D000834164 /* UserProfileVC.swift */; };
		387A6CC51E241D9B00834164 /* Assets.xcassets in Resources */ = {isa = PBXBuildFile; fileRef = 387A6CC41E241D9B00834164 /* Assets.xcassets */; };
		387A6CC81E243DDD00834164 /* ThingTableViewCell.swift in Sources */ = {isa = PBXBuildFile; fileRef = 387A6CC61E243DDD00834164 /* ThingTableViewCell.swift */; };
		387A6CC91E243DDD00834164 /* ThingTableViewCell.xib in Resources */ = {isa = PBXBuildFile; fileRef = 387A6CC71E243DDD00834164 /* ThingTableViewCell.xib */; };
		387A6CCE1E2441E300834164 /* ExploreVC.swift in Sources */ = {isa = PBXBuildFile; fileRef = 387A6CCD1E2441E300834164 /* ExploreVC.swift */; };
		387A6CD01E2441F900834164 /* ExploreVC+TableViewDelegate.swift in Sources */ = {isa = PBXBuildFile; fileRef = 387A6CCF1E2441F900834164 /* ExploreVC+TableViewDelegate.swift */; };
		387A6CD21E24420C00834164 /* ExploreVC+TableViewDataSource.swift in Sources */ = {isa = PBXBuildFile; fileRef = 387A6CD11E24420C00834164 /* ExploreVC+TableViewDataSource.swift */; };
		387A6CD51E24437600834164 /* Thing+Mock.swift in Sources */ = {isa = PBXBuildFile; fileRef = 387A6CD41E24437600834164 /* Thing+Mock.swift */; };
		387A6CD71E24438300834164 /* Story+Mock.swift in Sources */ = {isa = PBXBuildFile; fileRef = 387A6CD61E24438300834164 /* Story+Mock.swift */; };
		387A6CD91E24439000834164 /* FeedItem+Mock.swift in Sources */ = {isa = PBXBuildFile; fileRef = 387A6CD81E24439000834164 /* FeedItem+Mock.swift */; };
		387A6CDB1E24439A00834164 /* User+Mock.swift in Sources */ = {isa = PBXBuildFile; fileRef = 387A6CDA1E24439A00834164 /* User+Mock.swift */; };
		387A6CDE1E244A5200834164 /* UserTableViewCell.swift in Sources */ = {isa = PBXBuildFile; fileRef = 387A6CDC1E244A5200834164 /* UserTableViewCell.swift */; };
		387A6CDF1E244A5200834164 /* UserTableViewCell.xib in Resources */ = {isa = PBXBuildFile; fileRef = 387A6CDD1E244A5200834164 /* UserTableViewCell.xib */; };
		387A6CE21E245D8D00834164 /* StoryTableViewCell.swift in Sources */ = {isa = PBXBuildFile; fileRef = 387A6CE01E245D8D00834164 /* StoryTableViewCell.swift */; };
		387A6CE31E245D8D00834164 /* StoryTableViewCell.xib in Resources */ = {isa = PBXBuildFile; fileRef = 387A6CE11E245D8D00834164 /* StoryTableViewCell.xib */; };
		387A6CE91E246EC700834164 /* ExploreVC+SearchResultsUpdating.swift in Sources */ = {isa = PBXBuildFile; fileRef = 387A6CE81E246EC700834164 /* ExploreVC+SearchResultsUpdating.swift */; };
		388D63F81E4258CE00B4D28F /* AllCommentsViewController+UITextViewDelegate.swift in Sources */ = {isa = PBXBuildFile; fileRef = 388D63F71E4258CE00B4D28F /* AllCommentsViewController+UITextViewDelegate.swift */; };
		388D63FA1E426F0600B4D28F /* AllCommentsViewController+ShowUserProfileDelegate.swift in Sources */ = {isa = PBXBuildFile; fileRef = 388D63F91E426F0600B4D28F /* AllCommentsViewController+ShowUserProfileDelegate.swift */; };
		38A469A31DCFE6C8009CCF05 /* Onboarding.storyboard in Resources */ = {isa = PBXBuildFile; fileRef = 38A469A21DCFE6C8009CCF05 /* Onboarding.storyboard */; };
		38A469A51DCFEB34009CCF05 /* FeedVC+TableViewDelegate.swift in Sources */ = {isa = PBXBuildFile; fileRef = 38A469A41DCFEB34009CCF05 /* FeedVC+TableViewDelegate.swift */; };
		38A469A71DCFEB98009CCF05 /* FeedVC+TableViewDataSource.swift in Sources */ = {isa = PBXBuildFile; fileRef = 38A469A61DCFEB98009CCF05 /* FeedVC+TableViewDataSource.swift */; };
		38A469AC1DCFED2F009CCF05 /* FeedTableViewCell.xib in Resources */ = {isa = PBXBuildFile; fileRef = 38A469AA1DCFED2F009CCF05 /* FeedTableViewCell.xib */; };
		38A469AE1DCFFB5A009CCF05 /* FeedTableViewCell.swift in Sources */ = {isa = PBXBuildFile; fileRef = 38A469AD1DCFFB5A009CCF05 /* FeedTableViewCell.swift */; };
		38D13D721E5F276600E29145 /* AddPageViewController+PhotoPickerDelegate.swift in Sources */ = {isa = PBXBuildFile; fileRef = 38D13D711E5F276600E29145 /* AddPageViewController+PhotoPickerDelegate.swift */; };
		38D40ECA1E472EB000AA7E55 /* AddStoryboard.storyboard in Resources */ = {isa = PBXBuildFile; fileRef = 38D40EC91E472EB000AA7E55 /* AddStoryboard.storyboard */; };
		38D40ECC1E472F4C00AA7E55 /* AddPageViewController.swift in Sources */ = {isa = PBXBuildFile; fileRef = 38D40ECB1E472F4C00AA7E55 /* AddPageViewController.swift */; };
		38D40ED21E47340400AA7E55 /* ThingDetailsViewController.swift in Sources */ = {isa = PBXBuildFile; fileRef = 38D40ED11E47340400AA7E55 /* ThingDetailsViewController.swift */; };
		38D40ED41E4736C000AA7E55 /* AddPageViewController+UIPageViewDataSource.swift in Sources */ = {isa = PBXBuildFile; fileRef = 38D40ED31E4736C000AA7E55 /* AddPageViewController+UIPageViewDataSource.swift */; };
		38D40ED61E47420300AA7E55 /* OnboardingPageVC.swift in Sources */ = {isa = PBXBuildFile; fileRef = 38D40ED51E47420300AA7E55 /* OnboardingPageVC.swift */; };
		38D40ED81E47452300AA7E55 /* LoginRegisterVC.swift in Sources */ = {isa = PBXBuildFile; fileRef = 38D40ED71E47452300AA7E55 /* LoginRegisterVC.swift */; };
		38D40EDA1E4745F300AA7E55 /* OnboardingPageVC+DataSource.swift in Sources */ = {isa = PBXBuildFile; fileRef = 38D40ED91E4745F300AA7E55 /* OnboardingPageVC+DataSource.swift */; };
		38D40EDC1E47462400AA7E55 /* OnboardingTextInputVC.swift in Sources */ = {isa = PBXBuildFile; fileRef = 38D40EDB1E47462400AA7E55 /* OnboardingTextInputVC.swift */; };
		38D40EDE1E474BD800AA7E55 /* OnboardingScreensType.swift in Sources */ = {isa = PBXBuildFile; fileRef = 38D40EDD1E474BD800AA7E55 /* OnboardingScreensType.swift */; };
		38D40EE01E4A1C3F00AA7E55 /* OnboardingFlowType.swift in Sources */ = {isa = PBXBuildFile; fileRef = 38D40EDF1E4A1C3F00AA7E55 /* OnboardingFlowType.swift */; };
		38EFC4CB1DAAB6370090E1DB /* AppDelegate.swift in Sources */ = {isa = PBXBuildFile; fileRef = 38EFC4CA1DAAB6370090E1DB /* AppDelegate.swift */; };
		38EFC4D21DAAB6370090E1DB /* Main.storyboard in Resources */ = {isa = PBXBuildFile; fileRef = 38EFC4D01DAAB6370090E1DB /* Main.storyboard */; };
		38EFC4D71DAAB6380090E1DB /* LaunchScreen.storyboard in Resources */ = {isa = PBXBuildFile; fileRef = 38EFC4D51DAAB6380090E1DB /* LaunchScreen.storyboard */; };
		38EFC4E21DAAB6380090E1DB /* ThingyTests.swift in Sources */ = {isa = PBXBuildFile; fileRef = 38EFC4E11DAAB6380090E1DB /* ThingyTests.swift */; };
		38EFC4ED1DAAB6380090E1DB /* ThingyUITests.swift in Sources */ = {isa = PBXBuildFile; fileRef = 38EFC4EC1DAAB6380090E1DB /* ThingyUITests.swift */; };
		50833C010CA8FB6826BA8EF1 /* Pods_ThingyTests.framework in Frameworks */ = {isa = PBXBuildFile; fileRef = C934C0ED6EDA32A71DA650D8 /* Pods_ThingyTests.framework */; };
		7FCA6247C67727D0529F63E4 /* Pods_Thingy.framework in Frameworks */ = {isa = PBXBuildFile; fileRef = B9AEC49298F6C08A966574E7 /* Pods_Thingy.framework */; };
		9E070E221E9FCE390020F57F /* OnboardingPageVC+Delegate.swift in Sources */ = {isa = PBXBuildFile; fileRef = 9E070E211E9FCE390020F57F /* OnboardingPageVC+Delegate.swift */; };
		9E070E2A1E9FDF710020F57F /* UsersListTableViewCell.swift in Sources */ = {isa = PBXBuildFile; fileRef = 9E070E281E9FDF710020F57F /* UsersListTableViewCell.swift */; };
		9E070E2B1E9FDF710020F57F /* UsersListTableViewCell.xib in Resources */ = {isa = PBXBuildFile; fileRef = 9E070E291E9FDF710020F57F /* UsersListTableViewCell.xib */; };
		9E070E2D1E9FE0100020F57F /* UsersListVC+TableViewDelegate.swift in Sources */ = {isa = PBXBuildFile; fileRef = 9E070E2C1E9FE0100020F57F /* UsersListVC+TableViewDelegate.swift */; };
		9E070E2F1E9FE0200020F57F /* UsersListVC+TableViewDataSource.swift in Sources */ = {isa = PBXBuildFile; fileRef = 9E070E2E1E9FE0200020F57F /* UsersListVC+TableViewDataSource.swift */; };
		9E070E321E9FE0690020F57F /* UsersListVC.swift in Sources */ = {isa = PBXBuildFile; fileRef = 9E070E301E9FE0690020F57F /* UsersListVC.swift */; };
		9E070E331E9FE0690020F57F /* UsersListVC.xib in Resources */ = {isa = PBXBuildFile; fileRef = 9E070E311E9FE0690020F57F /* UsersListVC.xib */; };
		9E070E351E9FE6D50020F57F /* UsersListType.swift in Sources */ = {isa = PBXBuildFile; fileRef = 9E070E341E9FE6D50020F57F /* UsersListType.swift */; };
		9E070E371E9FECC40020F57F /* UserProfileVC+DetailsDelegate.swift in Sources */ = {isa = PBXBuildFile; fileRef = 9E070E361E9FECC40020F57F /* UserProfileVC+DetailsDelegate.swift */; };
		9E070E391EA2E2EB0020F57F /* LoginRegisterTypeVC.swift in Sources */ = {isa = PBXBuildFile; fileRef = 9E070E381EA2E2EB0020F57F /* LoginRegisterTypeVC.swift */; };
		9E070E3B1EA2E3030020F57F /* OnboardingDoneVC.swift in Sources */ = {isa = PBXBuildFile; fileRef = 9E070E3A1EA2E3030020F57F /* OnboardingDoneVC.swift */; };
		9E1A42361E92931B00ED163B /* ThingyButton.swift in Sources */ = {isa = PBXBuildFile; fileRef = 9E1A42351E92931B00ED163B /* ThingyButton.swift */; };
		9E1A42381E96914B00ED163B /* StoryVC+ImagePickerControllerDelegate.swift in Sources */ = {isa = PBXBuildFile; fileRef = 9E1A42371E96914B00ED163B /* StoryVC+ImagePickerControllerDelegate.swift */; };
		9E1A42451E96A14B00ED163B /* Explore.storyboard in Resources */ = {isa = PBXBuildFile; fileRef = 9E1A42411E96A14B00ED163B /* Explore.storyboard */; };
		9E1A42461E96A14B00ED163B /* ExplorePageVC+DataSource.swift in Sources */ = {isa = PBXBuildFile; fileRef = 9E1A42421E96A14B00ED163B /* ExplorePageVC+DataSource.swift */; };
		9E1A42471E96A14B00ED163B /* ExplorePageVC.swift in Sources */ = {isa = PBXBuildFile; fileRef = 9E1A42431E96A14B00ED163B /* ExplorePageVC.swift */; };
		9E1A42481E96A14B00ED163B /* ExploreType.swift in Sources */ = {isa = PBXBuildFile; fileRef = 9E1A42441E96A14B00ED163B /* ExploreType.swift */; };
		9E65405C1E9848B000B86278 /* ExplorePageVC+Delegate.swift in Sources */ = {isa = PBXBuildFile; fileRef = 9E65405B1E9848B000B86278 /* ExplorePageVC+Delegate.swift */; };
		9E9879B11E7B51D0000F756F /* UIButton+Extension.swift in Sources */ = {isa = PBXBuildFile; fileRef = 9E9879B01E7B51D0000F756F /* UIButton+Extension.swift */; };
/* End PBXBuildFile section */

/* Begin PBXContainerItemProxy section */
		38EFC4DE1DAAB6380090E1DB /* PBXContainerItemProxy */ = {
			isa = PBXContainerItemProxy;
			containerPortal = 38EFC4BF1DAAB6370090E1DB /* Project object */;
			proxyType = 1;
			remoteGlobalIDString = 38EFC4C61DAAB6370090E1DB;
			remoteInfo = Thingy;
		};
		38EFC4E91DAAB6380090E1DB /* PBXContainerItemProxy */ = {
			isa = PBXContainerItemProxy;
			containerPortal = 38EFC4BF1DAAB6370090E1DB /* Project object */;
			proxyType = 1;
			remoteGlobalIDString = 38EFC4C61DAAB6370090E1DB;
			remoteInfo = Thingy;
		};
/* End PBXContainerItemProxy section */

/* Begin PBXFileReference section */
		13A21310649A9CEA912891FB /* Pods-ThingyTests.debug.xcconfig */ = {isa = PBXFileReference; includeInIndex = 1; lastKnownFileType = text.xcconfig; name = "Pods-ThingyTests.debug.xcconfig"; path = "Pods/Target Support Files/Pods-ThingyTests/Pods-ThingyTests.debug.xcconfig"; sourceTree = "<group>"; };
		2172858DB4F5206E569FE8B4 /* Pods-ThingyUITests.release.xcconfig */ = {isa = PBXFileReference; includeInIndex = 1; lastKnownFileType = text.xcconfig; name = "Pods-ThingyUITests.release.xcconfig"; path = "Pods/Target Support Files/Pods-ThingyUITests/Pods-ThingyUITests.release.xcconfig"; sourceTree = "<group>"; };
		36B3CA731D200DA275D67AAB /* Pods-ThingyUITests.debug.xcconfig */ = {isa = PBXFileReference; includeInIndex = 1; lastKnownFileType = text.xcconfig; name = "Pods-ThingyUITests.debug.xcconfig"; path = "Pods/Target Support Files/Pods-ThingyUITests/Pods-ThingyUITests.debug.xcconfig"; sourceTree = "<group>"; };
		38019B571E422E44003AFFE6 /* UserStoryboard.storyboard */ = {isa = PBXFileReference; fileEncoding = 4; lastKnownFileType = file.storyboard; path = UserStoryboard.storyboard; sourceTree = "<group>"; };
		381CC45B1E381D7500D87FA0 /* AllCommentsViewController.swift */ = {isa = PBXFileReference; fileEncoding = 4; lastKnownFileType = sourcecode.swift; path = AllCommentsViewController.swift; sourceTree = "<group>"; };
		381CC45C1E381D7500D87FA0 /* AllCommentsViewController.xib */ = {isa = PBXFileReference; fileEncoding = 4; lastKnownFileType = file.xib; path = AllCommentsViewController.xib; sourceTree = "<group>"; };
		381CC45F1E381ECC00D87FA0 /* AllCommentsViewController+UITableViewDataSource.swift */ = {isa = PBXFileReference; fileEncoding = 4; lastKnownFileType = sourcecode.swift; path = "AllCommentsViewController+UITableViewDataSource.swift"; sourceTree = "<group>"; };
		381CC4611E381EE400D87FA0 /* AllCommentsViewController+UITableViewDelegate.swift */ = {isa = PBXFileReference; fileEncoding = 4; lastKnownFileType = sourcecode.swift; path = "AllCommentsViewController+UITableViewDelegate.swift"; sourceTree = "<group>"; };
		381DA5681E4BEAB6008E5D73 /* DestinationViewController.swift */ = {isa = PBXFileReference; fileEncoding = 4; lastKnownFileType = sourcecode.swift; path = DestinationViewController.swift; sourceTree = "<group>"; };
		381DA56B1E4CB81B008E5D73 /* DestinationViewController+UITableViewDataSource.swift */ = {isa = PBXFileReference; fileEncoding = 4; lastKnownFileType = sourcecode.swift; path = "DestinationViewController+UITableViewDataSource.swift"; sourceTree = "<group>"; };
		381DA56D1E4CB837008E5D73 /* DestinationViewController+UITableViewDelegate.swift */ = {isa = PBXFileReference; fileEncoding = 4; lastKnownFileType = sourcecode.swift; path = "DestinationViewController+UITableViewDelegate.swift"; sourceTree = "<group>"; };
		381DA56F1E4CF1AD008E5D73 /* DestinationTableViewCell.swift */ = {isa = PBXFileReference; fileEncoding = 4; lastKnownFileType = sourcecode.swift; path = DestinationTableViewCell.swift; sourceTree = "<group>"; };
		381DA5701E4CF1AD008E5D73 /* DestinationTableViewCell.xib */ = {isa = PBXFileReference; fileEncoding = 4; lastKnownFileType = file.xib; path = DestinationTableViewCell.xib; sourceTree = "<group>"; };
		3825DDBE1DCFE2E400F6D8F8 /* Feed+API.swift */ = {isa = PBXFileReference; fileEncoding = 4; lastKnownFileType = sourcecode.swift; path = "Feed+API.swift"; sourceTree = "<group>"; };
		3825DDBF1DCFE2E400F6D8F8 /* Thing+API.swift */ = {isa = PBXFileReference; fileEncoding = 4; lastKnownFileType = sourcecode.swift; path = "Thing+API.swift"; sourceTree = "<group>"; };
		3825DDC01DCFE2E400F6D8F8 /* User+API.swift */ = {isa = PBXFileReference; fileEncoding = 4; lastKnownFileType = sourcecode.swift; path = "User+API.swift"; sourceTree = "<group>"; };
		3825DDC51DCFE2F400F6D8F8 /* String+Extensions.swift */ = {isa = PBXFileReference; fileEncoding = 4; lastKnownFileType = sourcecode.swift; path = "String+Extensions.swift"; sourceTree = "<group>"; };
		3825DDC61DCFE2F400F6D8F8 /* UIImageView+Extensions.swift */ = {isa = PBXFileReference; fileEncoding = 4; lastKnownFileType = sourcecode.swift; path = "UIImageView+Extensions.swift"; sourceTree = "<group>"; };
		3825DDCA1DCFE2FF00F6D8F8 /* Comment.swift */ = {isa = PBXFileReference; fileEncoding = 4; lastKnownFileType = sourcecode.swift; path = Comment.swift; sourceTree = "<group>"; };
		3825DDCB1DCFE2FF00F6D8F8 /* FeedItem.swift */ = {isa = PBXFileReference; fileEncoding = 4; lastKnownFileType = sourcecode.swift; path = FeedItem.swift; sourceTree = "<group>"; };
		3825DDCC1DCFE2FF00F6D8F8 /* Story.swift */ = {isa = PBXFileReference; fileEncoding = 4; lastKnownFileType = sourcecode.swift; path = Story.swift; sourceTree = "<group>"; };
		3825DDCD1DCFE2FF00F6D8F8 /* Thing.swift */ = {isa = PBXFileReference; fileEncoding = 4; lastKnownFileType = sourcecode.swift; path = Thing.swift; sourceTree = "<group>"; };
		3825DDCE1DCFE2FF00F6D8F8 /* User.swift */ = {isa = PBXFileReference; fileEncoding = 4; lastKnownFileType = sourcecode.swift; path = User.swift; sourceTree = "<group>"; };
		3825DDD71DCFE31100F6D8F8 /* ThingyColors.swift */ = {isa = PBXFileReference; fileEncoding = 4; lastKnownFileType = sourcecode.swift; path = ThingyColors.swift; sourceTree = "<group>"; };
		3825DDDE1DCFE4E500F6D8F8 /* FeedVC.swift */ = {isa = PBXFileReference; fileEncoding = 4; lastKnownFileType = sourcecode.swift; path = FeedVC.swift; sourceTree = "<group>"; };
		38333A621E6589DA0096D909 /* UIScrollView+YMSAdditions.h */ = {isa = PBXFileReference; fileEncoding = 4; lastKnownFileType = sourcecode.c.h; path = "UIScrollView+YMSAdditions.h"; sourceTree = "<group>"; };
		38333A631E6589DA0096D909 /* UIScrollView+YMSAdditions.m */ = {isa = PBXFileReference; fileEncoding = 4; lastKnownFileType = sourcecode.c.objc; path = "UIScrollView+YMSAdditions.m"; sourceTree = "<group>"; };
		38333A641E6589DA0096D909 /* UITableViewCell+YMSConfig.h */ = {isa = PBXFileReference; fileEncoding = 4; lastKnownFileType = sourcecode.c.h; path = "UITableViewCell+YMSConfig.h"; sourceTree = "<group>"; };
		38333A651E6589DA0096D909 /* UITableViewCell+YMSConfig.m */ = {isa = PBXFileReference; fileEncoding = 4; lastKnownFileType = sourcecode.c.objc; path = "UITableViewCell+YMSConfig.m"; sourceTree = "<group>"; };
		38333A661E6589DA0096D909 /* YMSAlbumCell.h */ = {isa = PBXFileReference; fileEncoding = 4; lastKnownFileType = sourcecode.c.h; path = YMSAlbumCell.h; sourceTree = "<group>"; };
		38333A671E6589DA0096D909 /* YMSAlbumCell.m */ = {isa = PBXFileReference; fileEncoding = 4; lastKnownFileType = sourcecode.c.objc; path = YMSAlbumCell.m; sourceTree = "<group>"; };
		38333A681E6589DA0096D909 /* YMSAlbumCell.xib */ = {isa = PBXFileReference; fileEncoding = 4; lastKnownFileType = file.xib; path = YMSAlbumCell.xib; sourceTree = "<group>"; };
		38333A691E6589DA0096D909 /* YMSAlbumPickerViewController.h */ = {isa = PBXFileReference; fileEncoding = 4; lastKnownFileType = sourcecode.c.h; path = YMSAlbumPickerViewController.h; sourceTree = "<group>"; };
		38333A6A1E6589DA0096D909 /* YMSAlbumPickerViewController.m */ = {isa = PBXFileReference; fileEncoding = 4; lastKnownFileType = sourcecode.c.objc; path = YMSAlbumPickerViewController.m; sourceTree = "<group>"; };
		38333A6B1E6589DA0096D909 /* YMSAlbumPickerViewController.xib */ = {isa = PBXFileReference; fileEncoding = 4; lastKnownFileType = file.xib; path = YMSAlbumPickerViewController.xib; sourceTree = "<group>"; };
		38333A6C1E6589DA0096D909 /* YMSCameraCell.h */ = {isa = PBXFileReference; fileEncoding = 4; lastKnownFileType = sourcecode.c.h; path = YMSCameraCell.h; sourceTree = "<group>"; };
		38333A6D1E6589DA0096D909 /* YMSCameraCell.m */ = {isa = PBXFileReference; fileEncoding = 4; lastKnownFileType = sourcecode.c.objc; path = YMSCameraCell.m; sourceTree = "<group>"; };
		38333A6E1E6589DA0096D909 /* YMSCameraCell.xib */ = {isa = PBXFileReference; fileEncoding = 4; lastKnownFileType = file.xib; path = YMSCameraCell.xib; sourceTree = "<group>"; };
		38333A6F1E6589DA0096D909 /* YMSPhotoCell.h */ = {isa = PBXFileReference; fileEncoding = 4; lastKnownFileType = sourcecode.c.h; path = YMSPhotoCell.h; sourceTree = "<group>"; };
		38333A701E6589DA0096D909 /* YMSPhotoCell.m */ = {isa = PBXFileReference; fileEncoding = 4; lastKnownFileType = sourcecode.c.objc; path = YMSPhotoCell.m; sourceTree = "<group>"; };
		38333A711E6589DA0096D909 /* YMSPhotoCell.xib */ = {isa = PBXFileReference; fileEncoding = 4; lastKnownFileType = file.xib; path = YMSPhotoCell.xib; sourceTree = "<group>"; };
		38333A721E6589DA0096D909 /* YMSSinglePhotoViewController.h */ = {isa = PBXFileReference; fileEncoding = 4; lastKnownFileType = sourcecode.c.h; path = YMSSinglePhotoViewController.h; sourceTree = "<group>"; };
		38333A731E6589DA0096D909 /* YMSSinglePhotoViewController.m */ = {isa = PBXFileReference; fileEncoding = 4; lastKnownFileType = sourcecode.c.objc; path = YMSSinglePhotoViewController.m; sourceTree = "<group>"; };
		38333A741E6589DA0096D909 /* YMSSinglePhotoViewController.xib */ = {isa = PBXFileReference; fileEncoding = 4; lastKnownFileType = file.xib; path = YMSSinglePhotoViewController.xib; sourceTree = "<group>"; };
		38333A761E6589DA0096D909 /* UIViewController+YMSPhotoHelper.h */ = {isa = PBXFileReference; fileEncoding = 4; lastKnownFileType = sourcecode.c.h; path = "UIViewController+YMSPhotoHelper.h"; sourceTree = "<group>"; };
		38333A771E6589DA0096D909 /* UIViewController+YMSPhotoHelper.m */ = {isa = PBXFileReference; fileEncoding = 4; lastKnownFileType = sourcecode.c.objc; path = "UIViewController+YMSPhotoHelper.m"; sourceTree = "<group>"; };
		38333A781E6589DA0096D909 /* YMSPhotoPickerTheme.h */ = {isa = PBXFileReference; fileEncoding = 4; lastKnownFileType = sourcecode.c.h; path = YMSPhotoPickerTheme.h; sourceTree = "<group>"; };
		38333A791E6589DA0096D909 /* YMSPhotoPickerTheme.m */ = {isa = PBXFileReference; fileEncoding = 4; lastKnownFileType = sourcecode.c.objc; path = YMSPhotoPickerTheme.m; sourceTree = "<group>"; };
		38333A7A1E6589DA0096D909 /* YMSPhotoPickerViewController.h */ = {isa = PBXFileReference; fileEncoding = 4; lastKnownFileType = sourcecode.c.h; path = YMSPhotoPickerViewController.h; sourceTree = "<group>"; };
		38333A7B1E6589DA0096D909 /* YMSPhotoPickerViewController.m */ = {isa = PBXFileReference; fileEncoding = 4; lastKnownFileType = sourcecode.c.objc; path = YMSPhotoPickerViewController.m; sourceTree = "<group>"; };
		38333A7C1E6589DA0096D909 /* YMSPhotoPickerViewController.xib */ = {isa = PBXFileReference; fileEncoding = 4; lastKnownFileType = file.xib; path = YMSPhotoPickerViewController.xib; sourceTree = "<group>"; };
		38333A7D1E6589DA0096D909 /* YMSPhotoPickerAssets.xcassets */ = {isa = PBXFileReference; lastKnownFileType = folder.assetcatalog; path = YMSPhotoPickerAssets.xcassets; sourceTree = "<group>"; };
		38333A8F1E65AAAE0096D909 /* Thingy-Bridging-Header.h */ = {isa = PBXFileReference; lastKnownFileType = sourcecode.c.h; path = "Thingy-Bridging-Header.h"; sourceTree = "<group>"; };
		383397A01E20274F005C1EFA /* Story+API.swift */ = {isa = PBXFileReference; fileEncoding = 4; lastKnownFileType = sourcecode.swift; path = "Story+API.swift"; sourceTree = "<group>"; };
		385B1A241E5CC7F400F808BC /* Gradients.swift */ = {isa = PBXFileReference; fileEncoding = 4; lastKnownFileType = sourcecode.swift; path = Gradients.swift; sourceTree = "<group>"; };
		385D6E601E26A35300E8F1A5 /* UserDetailTableViewCell.swift */ = {isa = PBXFileReference; fileEncoding = 4; lastKnownFileType = sourcecode.swift; path = UserDetailTableViewCell.swift; sourceTree = "<group>"; };
		385D6E611E26A35300E8F1A5 /* UserDetailTableViewCell.xib */ = {isa = PBXFileReference; fileEncoding = 4; lastKnownFileType = file.xib; path = UserDetailTableViewCell.xib; sourceTree = "<group>"; };
		385D6E641E26A96700E8F1A5 /* UserProfileVC+TableViewDelegate.swift */ = {isa = PBXFileReference; fileEncoding = 4; lastKnownFileType = sourcecode.swift; path = "UserProfileVC+TableViewDelegate.swift"; sourceTree = "<group>"; };
		385D6E661E26A98700E8F1A5 /* UserProfileVC+TableViewDataSource.swift */ = {isa = PBXFileReference; fileEncoding = 4; lastKnownFileType = sourcecode.swift; path = "UserProfileVC+TableViewDataSource.swift"; sourceTree = "<group>"; };
		385D6E681E26B7C900E8F1A5 /* ThingViewController.swift */ = {isa = PBXFileReference; fileEncoding = 4; lastKnownFileType = sourcecode.swift; path = ThingViewController.swift; sourceTree = "<group>"; };
		385D6E6C1E2802E800E8F1A5 /* ThingStoryboard.storyboard */ = {isa = PBXFileReference; fileEncoding = 4; lastKnownFileType = file.storyboard; path = ThingStoryboard.storyboard; sourceTree = "<group>"; };
		385D6E6E1E282D9B00E8F1A5 /* ThingGalleryViewController.swift */ = {isa = PBXFileReference; fileEncoding = 4; lastKnownFileType = sourcecode.swift; path = ThingGalleryViewController.swift; sourceTree = "<group>"; };
		385D6E701E2840AC00E8F1A5 /* ThingViewController+UIPageViewControllerDataSource.swift */ = {isa = PBXFileReference; fileEncoding = 4; lastKnownFileType = sourcecode.swift; path = "ThingViewController+UIPageViewControllerDataSource.swift"; sourceTree = "<group>"; };
		385D6E721E28517A00E8F1A5 /* ThingViewController+UIPageViewControllerDelegate.swift */ = {isa = PBXFileReference; fileEncoding = 4; lastKnownFileType = sourcecode.swift; path = "ThingViewController+UIPageViewControllerDelegate.swift"; sourceTree = "<group>"; };
		385D6E741E28676000E8F1A5 /* ThingViewController+UITableViewDataSource.swift */ = {isa = PBXFileReference; fileEncoding = 4; lastKnownFileType = sourcecode.swift; path = "ThingViewController+UITableViewDataSource.swift"; sourceTree = "<group>"; };
		385D6E761E2867D100E8F1A5 /* ThingViewController+UITableViewDelegate.swift */ = {isa = PBXFileReference; fileEncoding = 4; lastKnownFileType = sourcecode.swift; path = "ThingViewController+UITableViewDelegate.swift"; sourceTree = "<group>"; };
		385D6E7A1E2ADCF100E8F1A5 /* CommentTableViewCell.swift */ = {isa = PBXFileReference; fileEncoding = 4; lastKnownFileType = sourcecode.swift; path = CommentTableViewCell.swift; sourceTree = "<group>"; };
		385D6E7B1E2ADCF100E8F1A5 /* CommentTableViewCell.xib */ = {isa = PBXFileReference; fileEncoding = 4; lastKnownFileType = file.xib; path = CommentTableViewCell.xib; sourceTree = "<group>"; };
		385D6E7E1E2AE49D00E8F1A5 /* Comment+Mock.swift */ = {isa = PBXFileReference; fileEncoding = 4; lastKnownFileType = sourcecode.swift; path = "Comment+Mock.swift"; sourceTree = "<group>"; };
		385D6E801E2AF07E00E8F1A5 /* Database+Mock.swift */ = {isa = PBXFileReference; fileEncoding = 4; lastKnownFileType = sourcecode.swift; path = "Database+Mock.swift"; sourceTree = "<group>"; };
		385D6E821E2C4E1F00E8F1A5 /* Int+Extensions.swift */ = {isa = PBXFileReference; fileEncoding = 4; lastKnownFileType = sourcecode.swift; path = "Int+Extensions.swift"; sourceTree = "<group>"; };
		385D6E841E2C5C4100E8F1A5 /* StoryViewController.swift */ = {isa = PBXFileReference; fileEncoding = 4; lastKnownFileType = sourcecode.swift; path = StoryViewController.swift; sourceTree = "<group>"; };
		385D6E881E2CE1B800E8F1A5 /* StoryStoryboard.storyboard */ = {isa = PBXFileReference; fileEncoding = 4; lastKnownFileType = file.storyboard; path = StoryStoryboard.storyboard; sourceTree = "<group>"; };
		385D6E8A1E2E6D6500E8F1A5 /* UIImage+Extensions.swift */ = {isa = PBXFileReference; fileEncoding = 4; lastKnownFileType = sourcecode.swift; path = "UIImage+Extensions.swift"; sourceTree = "<group>"; };
		387A6CC21E2418D000834164 /* UserProfileVC.swift */ = {isa = PBXFileReference; fileEncoding = 4; lastKnownFileType = sourcecode.swift; path = UserProfileVC.swift; sourceTree = "<group>"; };
		387A6CC41E241D9B00834164 /* Assets.xcassets */ = {isa = PBXFileReference; lastKnownFileType = folder.assetcatalog; path = Assets.xcassets; sourceTree = "<group>"; };
		387A6CC61E243DDD00834164 /* ThingTableViewCell.swift */ = {isa = PBXFileReference; fileEncoding = 4; lastKnownFileType = sourcecode.swift; path = ThingTableViewCell.swift; sourceTree = "<group>"; };
		387A6CC71E243DDD00834164 /* ThingTableViewCell.xib */ = {isa = PBXFileReference; fileEncoding = 4; lastKnownFileType = file.xib; path = ThingTableViewCell.xib; sourceTree = "<group>"; };
		387A6CCD1E2441E300834164 /* ExploreVC.swift */ = {isa = PBXFileReference; fileEncoding = 4; lastKnownFileType = sourcecode.swift; path = ExploreVC.swift; sourceTree = "<group>"; };
		387A6CCF1E2441F900834164 /* ExploreVC+TableViewDelegate.swift */ = {isa = PBXFileReference; fileEncoding = 4; lastKnownFileType = sourcecode.swift; path = "ExploreVC+TableViewDelegate.swift"; sourceTree = "<group>"; };
		387A6CD11E24420C00834164 /* ExploreVC+TableViewDataSource.swift */ = {isa = PBXFileReference; fileEncoding = 4; lastKnownFileType = sourcecode.swift; path = "ExploreVC+TableViewDataSource.swift"; sourceTree = "<group>"; };
		387A6CD41E24437600834164 /* Thing+Mock.swift */ = {isa = PBXFileReference; fileEncoding = 4; lastKnownFileType = sourcecode.swift; path = "Thing+Mock.swift"; sourceTree = "<group>"; };
		387A6CD61E24438300834164 /* Story+Mock.swift */ = {isa = PBXFileReference; fileEncoding = 4; lastKnownFileType = sourcecode.swift; path = "Story+Mock.swift"; sourceTree = "<group>"; };
		387A6CD81E24439000834164 /* FeedItem+Mock.swift */ = {isa = PBXFileReference; fileEncoding = 4; lastKnownFileType = sourcecode.swift; path = "FeedItem+Mock.swift"; sourceTree = "<group>"; };
		387A6CDA1E24439A00834164 /* User+Mock.swift */ = {isa = PBXFileReference; fileEncoding = 4; lastKnownFileType = sourcecode.swift; path = "User+Mock.swift"; sourceTree = "<group>"; };
		387A6CDC1E244A5200834164 /* UserTableViewCell.swift */ = {isa = PBXFileReference; fileEncoding = 4; lastKnownFileType = sourcecode.swift; path = UserTableViewCell.swift; sourceTree = "<group>"; };
		387A6CDD1E244A5200834164 /* UserTableViewCell.xib */ = {isa = PBXFileReference; fileEncoding = 4; lastKnownFileType = file.xib; path = UserTableViewCell.xib; sourceTree = "<group>"; };
		387A6CE01E245D8D00834164 /* StoryTableViewCell.swift */ = {isa = PBXFileReference; fileEncoding = 4; lastKnownFileType = sourcecode.swift; path = StoryTableViewCell.swift; sourceTree = "<group>"; };
		387A6CE11E245D8D00834164 /* StoryTableViewCell.xib */ = {isa = PBXFileReference; fileEncoding = 4; lastKnownFileType = file.xib; path = StoryTableViewCell.xib; sourceTree = "<group>"; };
		387A6CE81E246EC700834164 /* ExploreVC+SearchResultsUpdating.swift */ = {isa = PBXFileReference; fileEncoding = 4; lastKnownFileType = sourcecode.swift; path = "ExploreVC+SearchResultsUpdating.swift"; sourceTree = "<group>"; };
		388D63F71E4258CE00B4D28F /* AllCommentsViewController+UITextViewDelegate.swift */ = {isa = PBXFileReference; fileEncoding = 4; lastKnownFileType = sourcecode.swift; path = "AllCommentsViewController+UITextViewDelegate.swift"; sourceTree = "<group>"; };
		388D63F91E426F0600B4D28F /* AllCommentsViewController+ShowUserProfileDelegate.swift */ = {isa = PBXFileReference; fileEncoding = 4; lastKnownFileType = sourcecode.swift; path = "AllCommentsViewController+ShowUserProfileDelegate.swift"; sourceTree = "<group>"; };
		38A469A21DCFE6C8009CCF05 /* Onboarding.storyboard */ = {isa = PBXFileReference; fileEncoding = 4; lastKnownFileType = file.storyboard; path = Onboarding.storyboard; sourceTree = "<group>"; };
		38A469A41DCFEB34009CCF05 /* FeedVC+TableViewDelegate.swift */ = {isa = PBXFileReference; fileEncoding = 4; lastKnownFileType = sourcecode.swift; path = "FeedVC+TableViewDelegate.swift"; sourceTree = "<group>"; };
		38A469A61DCFEB98009CCF05 /* FeedVC+TableViewDataSource.swift */ = {isa = PBXFileReference; fileEncoding = 4; lastKnownFileType = sourcecode.swift; path = "FeedVC+TableViewDataSource.swift"; sourceTree = "<group>"; };
		38A469AA1DCFED2F009CCF05 /* FeedTableViewCell.xib */ = {isa = PBXFileReference; fileEncoding = 4; lastKnownFileType = file.xib; path = FeedTableViewCell.xib; sourceTree = "<group>"; };
		38A469AD1DCFFB5A009CCF05 /* FeedTableViewCell.swift */ = {isa = PBXFileReference; fileEncoding = 4; lastKnownFileType = sourcecode.swift; path = FeedTableViewCell.swift; sourceTree = "<group>"; };
		38D13D711E5F276600E29145 /* AddPageViewController+PhotoPickerDelegate.swift */ = {isa = PBXFileReference; fileEncoding = 4; lastKnownFileType = sourcecode.swift; path = "AddPageViewController+PhotoPickerDelegate.swift"; sourceTree = "<group>"; };
		38D40EC91E472EB000AA7E55 /* AddStoryboard.storyboard */ = {isa = PBXFileReference; fileEncoding = 4; lastKnownFileType = file.storyboard; path = AddStoryboard.storyboard; sourceTree = "<group>"; };
		38D40ECB1E472F4C00AA7E55 /* AddPageViewController.swift */ = {isa = PBXFileReference; fileEncoding = 4; lastKnownFileType = sourcecode.swift; path = AddPageViewController.swift; sourceTree = "<group>"; };
		38D40ED11E47340400AA7E55 /* ThingDetailsViewController.swift */ = {isa = PBXFileReference; fileEncoding = 4; lastKnownFileType = sourcecode.swift; path = ThingDetailsViewController.swift; sourceTree = "<group>"; };
		38D40ED31E4736C000AA7E55 /* AddPageViewController+UIPageViewDataSource.swift */ = {isa = PBXFileReference; fileEncoding = 4; lastKnownFileType = sourcecode.swift; path = "AddPageViewController+UIPageViewDataSource.swift"; sourceTree = "<group>"; };
		38D40ED51E47420300AA7E55 /* OnboardingPageVC.swift */ = {isa = PBXFileReference; fileEncoding = 4; lastKnownFileType = sourcecode.swift; path = OnboardingPageVC.swift; sourceTree = "<group>"; };
		38D40ED71E47452300AA7E55 /* LoginRegisterVC.swift */ = {isa = PBXFileReference; fileEncoding = 4; lastKnownFileType = sourcecode.swift; path = LoginRegisterVC.swift; sourceTree = "<group>"; };
		38D40ED91E4745F300AA7E55 /* OnboardingPageVC+DataSource.swift */ = {isa = PBXFileReference; fileEncoding = 4; lastKnownFileType = sourcecode.swift; path = "OnboardingPageVC+DataSource.swift"; sourceTree = "<group>"; };
		38D40EDB1E47462400AA7E55 /* OnboardingTextInputVC.swift */ = {isa = PBXFileReference; fileEncoding = 4; lastKnownFileType = sourcecode.swift; path = OnboardingTextInputVC.swift; sourceTree = "<group>"; };
		38D40EDD1E474BD800AA7E55 /* OnboardingScreensType.swift */ = {isa = PBXFileReference; fileEncoding = 4; lastKnownFileType = sourcecode.swift; path = OnboardingScreensType.swift; sourceTree = "<group>"; };
		38D40EDF1E4A1C3F00AA7E55 /* OnboardingFlowType.swift */ = {isa = PBXFileReference; fileEncoding = 4; lastKnownFileType = sourcecode.swift; path = OnboardingFlowType.swift; sourceTree = "<group>"; };
		38EFC4C71DAAB6370090E1DB /* Thingy.app */ = {isa = PBXFileReference; explicitFileType = wrapper.application; includeInIndex = 0; path = Thingy.app; sourceTree = BUILT_PRODUCTS_DIR; };
		38EFC4CA1DAAB6370090E1DB /* AppDelegate.swift */ = {isa = PBXFileReference; lastKnownFileType = sourcecode.swift; path = AppDelegate.swift; sourceTree = "<group>"; };
		38EFC4D11DAAB6370090E1DB /* Base */ = {isa = PBXFileReference; lastKnownFileType = file.storyboard; name = Base; path = Base.lproj/Main.storyboard; sourceTree = "<group>"; };
		38EFC4D61DAAB6380090E1DB /* Base */ = {isa = PBXFileReference; lastKnownFileType = file.storyboard; name = Base; path = Base.lproj/LaunchScreen.storyboard; sourceTree = "<group>"; };
		38EFC4D81DAAB6380090E1DB /* Info.plist */ = {isa = PBXFileReference; lastKnownFileType = text.plist.xml; path = Info.plist; sourceTree = "<group>"; };
		38EFC4DD1DAAB6380090E1DB /* ThingyTests.xctest */ = {isa = PBXFileReference; explicitFileType = wrapper.cfbundle; includeInIndex = 0; path = ThingyTests.xctest; sourceTree = BUILT_PRODUCTS_DIR; };
		38EFC4E11DAAB6380090E1DB /* ThingyTests.swift */ = {isa = PBXFileReference; lastKnownFileType = sourcecode.swift; path = ThingyTests.swift; sourceTree = "<group>"; };
		38EFC4E31DAAB6380090E1DB /* Info.plist */ = {isa = PBXFileReference; lastKnownFileType = text.plist.xml; path = Info.plist; sourceTree = "<group>"; };
		38EFC4E81DAAB6380090E1DB /* ThingyUITests.xctest */ = {isa = PBXFileReference; explicitFileType = wrapper.cfbundle; includeInIndex = 0; path = ThingyUITests.xctest; sourceTree = BUILT_PRODUCTS_DIR; };
		38EFC4EC1DAAB6380090E1DB /* ThingyUITests.swift */ = {isa = PBXFileReference; lastKnownFileType = sourcecode.swift; path = ThingyUITests.swift; sourceTree = "<group>"; };
		38EFC4EE1DAAB6380090E1DB /* Info.plist */ = {isa = PBXFileReference; lastKnownFileType = text.plist.xml; path = Info.plist; sourceTree = "<group>"; };
		407FD10B0E4631A5B28DFA65 /* Pods-ThingyTests.release.xcconfig */ = {isa = PBXFileReference; includeInIndex = 1; lastKnownFileType = text.xcconfig; name = "Pods-ThingyTests.release.xcconfig"; path = "Pods/Target Support Files/Pods-ThingyTests/Pods-ThingyTests.release.xcconfig"; sourceTree = "<group>"; };
		7408342CA01D5419321DA893 /* Pods_ThingyUITests.framework */ = {isa = PBXFileReference; explicitFileType = wrapper.framework; includeInIndex = 0; path = Pods_ThingyUITests.framework; sourceTree = BUILT_PRODUCTS_DIR; };
		9E070E211E9FCE390020F57F /* OnboardingPageVC+Delegate.swift */ = {isa = PBXFileReference; fileEncoding = 4; lastKnownFileType = sourcecode.swift; path = "OnboardingPageVC+Delegate.swift"; sourceTree = "<group>"; };
		9E070E281E9FDF710020F57F /* UsersListTableViewCell.swift */ = {isa = PBXFileReference; fileEncoding = 4; lastKnownFileType = sourcecode.swift; path = UsersListTableViewCell.swift; sourceTree = "<group>"; };
		9E070E291E9FDF710020F57F /* UsersListTableViewCell.xib */ = {isa = PBXFileReference; fileEncoding = 4; lastKnownFileType = file.xib; path = UsersListTableViewCell.xib; sourceTree = "<group>"; };
		9E070E2C1E9FE0100020F57F /* UsersListVC+TableViewDelegate.swift */ = {isa = PBXFileReference; fileEncoding = 4; lastKnownFileType = sourcecode.swift; path = "UsersListVC+TableViewDelegate.swift"; sourceTree = "<group>"; };
		9E070E2E1E9FE0200020F57F /* UsersListVC+TableViewDataSource.swift */ = {isa = PBXFileReference; fileEncoding = 4; lastKnownFileType = sourcecode.swift; path = "UsersListVC+TableViewDataSource.swift"; sourceTree = "<group>"; };
		9E070E301E9FE0690020F57F /* UsersListVC.swift */ = {isa = PBXFileReference; fileEncoding = 4; lastKnownFileType = sourcecode.swift; path = UsersListVC.swift; sourceTree = "<group>"; };
		9E070E311E9FE0690020F57F /* UsersListVC.xib */ = {isa = PBXFileReference; fileEncoding = 4; lastKnownFileType = file.xib; path = UsersListVC.xib; sourceTree = "<group>"; };
		9E070E341E9FE6D50020F57F /* UsersListType.swift */ = {isa = PBXFileReference; fileEncoding = 4; lastKnownFileType = sourcecode.swift; path = UsersListType.swift; sourceTree = "<group>"; };
		9E070E361E9FECC40020F57F /* UserProfileVC+DetailsDelegate.swift */ = {isa = PBXFileReference; fileEncoding = 4; lastKnownFileType = sourcecode.swift; path = "UserProfileVC+DetailsDelegate.swift"; sourceTree = "<group>"; };
		9E070E381EA2E2EB0020F57F /* LoginRegisterTypeVC.swift */ = {isa = PBXFileReference; fileEncoding = 4; lastKnownFileType = sourcecode.swift; path = LoginRegisterTypeVC.swift; sourceTree = "<group>"; };
		9E070E3A1EA2E3030020F57F /* OnboardingDoneVC.swift */ = {isa = PBXFileReference; fileEncoding = 4; lastKnownFileType = sourcecode.swift; path = OnboardingDoneVC.swift; sourceTree = "<group>"; };
		9E1A42351E92931B00ED163B /* ThingyButton.swift */ = {isa = PBXFileReference; fileEncoding = 4; lastKnownFileType = sourcecode.swift; path = ThingyButton.swift; sourceTree = "<group>"; };
		9E1A42371E96914B00ED163B /* StoryVC+ImagePickerControllerDelegate.swift */ = {isa = PBXFileReference; fileEncoding = 4; lastKnownFileType = sourcecode.swift; path = "StoryVC+ImagePickerControllerDelegate.swift"; sourceTree = "<group>"; };
		9E1A42411E96A14B00ED163B /* Explore.storyboard */ = {isa = PBXFileReference; fileEncoding = 4; lastKnownFileType = file.storyboard; path = Explore.storyboard; sourceTree = "<group>"; };
		9E1A42421E96A14B00ED163B /* ExplorePageVC+DataSource.swift */ = {isa = PBXFileReference; fileEncoding = 4; lastKnownFileType = sourcecode.swift; path = "ExplorePageVC+DataSource.swift"; sourceTree = "<group>"; };
		9E1A42431E96A14B00ED163B /* ExplorePageVC.swift */ = {isa = PBXFileReference; fileEncoding = 4; lastKnownFileType = sourcecode.swift; path = ExplorePageVC.swift; sourceTree = "<group>"; };
		9E1A42441E96A14B00ED163B /* ExploreType.swift */ = {isa = PBXFileReference; fileEncoding = 4; lastKnownFileType = sourcecode.swift; path = ExploreType.swift; sourceTree = "<group>"; };
		9E65405B1E9848B000B86278 /* ExplorePageVC+Delegate.swift */ = {isa = PBXFileReference; fileEncoding = 4; lastKnownFileType = sourcecode.swift; path = "ExplorePageVC+Delegate.swift"; sourceTree = "<group>"; };
		9E9879B01E7B51D0000F756F /* UIButton+Extension.swift */ = {isa = PBXFileReference; fileEncoding = 4; lastKnownFileType = sourcecode.swift; path = "UIButton+Extension.swift"; sourceTree = "<group>"; };
		B5FA5DEF0980D9B7D38C415F /* Pods-Thingy.debug.xcconfig */ = {isa = PBXFileReference; includeInIndex = 1; lastKnownFileType = text.xcconfig; name = "Pods-Thingy.debug.xcconfig"; path = "Pods/Target Support Files/Pods-Thingy/Pods-Thingy.debug.xcconfig"; sourceTree = "<group>"; };
		B9AEC49298F6C08A966574E7 /* Pods_Thingy.framework */ = {isa = PBXFileReference; explicitFileType = wrapper.framework; includeInIndex = 0; path = Pods_Thingy.framework; sourceTree = BUILT_PRODUCTS_DIR; };
		C934C0ED6EDA32A71DA650D8 /* Pods_ThingyTests.framework */ = {isa = PBXFileReference; explicitFileType = wrapper.framework; includeInIndex = 0; path = Pods_ThingyTests.framework; sourceTree = BUILT_PRODUCTS_DIR; };
		CB23EF3F7CBE0173C6B02D63 /* Pods-Thingy.release.xcconfig */ = {isa = PBXFileReference; includeInIndex = 1; lastKnownFileType = text.xcconfig; name = "Pods-Thingy.release.xcconfig"; path = "Pods/Target Support Files/Pods-Thingy/Pods-Thingy.release.xcconfig"; sourceTree = "<group>"; };
/* End PBXFileReference section */

/* Begin PBXFrameworksBuildPhase section */
		38EFC4C41DAAB6370090E1DB /* Frameworks */ = {
			isa = PBXFrameworksBuildPhase;
			buildActionMask = 2147483647;
			files = (
				7FCA6247C67727D0529F63E4 /* Pods_Thingy.framework in Frameworks */,
			);
			runOnlyForDeploymentPostprocessing = 0;
		};
		38EFC4DA1DAAB6380090E1DB /* Frameworks */ = {
			isa = PBXFrameworksBuildPhase;
			buildActionMask = 2147483647;
			files = (
				50833C010CA8FB6826BA8EF1 /* Pods_ThingyTests.framework in Frameworks */,
			);
			runOnlyForDeploymentPostprocessing = 0;
		};
		38EFC4E51DAAB6380090E1DB /* Frameworks */ = {
			isa = PBXFrameworksBuildPhase;
			buildActionMask = 2147483647;
			files = (
				274894FB2AA0F32DFD59FC82 /* Pods_ThingyUITests.framework in Frameworks */,
			);
			runOnlyForDeploymentPostprocessing = 0;
		};
/* End PBXFrameworksBuildPhase section */

/* Begin PBXGroup section */
		381DA5651E4BEA2A008E5D73 /* Destination */ = {
			isa = PBXGroup;
			children = (
				381DA56A1E4BF0AE008E5D73 /* DestinationCells */,
				381DA5681E4BEAB6008E5D73 /* DestinationViewController.swift */,
				381DA56B1E4CB81B008E5D73 /* DestinationViewController+UITableViewDataSource.swift */,
				381DA56D1E4CB837008E5D73 /* DestinationViewController+UITableViewDelegate.swift */,
			);
			path = Destination;
			sourceTree = "<group>";
		};
		381DA5661E4BEA8D008E5D73 /* PhotoGallery */ = {
			isa = PBXGroup;
			children = (
				38333A5F1E6589DA0096D909 /* YangMingShan */,
			);
			path = PhotoGallery;
			sourceTree = "<group>";
		};
		381DA5671E4BEA99008E5D73 /* ThingDetails */ = {
			isa = PBXGroup;
			children = (
			);
			path = ThingDetails;
			sourceTree = "<group>";
		};
		381DA56A1E4BF0AE008E5D73 /* DestinationCells */ = {
			isa = PBXGroup;
			children = (
				381DA56F1E4CF1AD008E5D73 /* DestinationTableViewCell.swift */,
				381DA5701E4CF1AD008E5D73 /* DestinationTableViewCell.xib */,
			);
			path = DestinationCells;
			sourceTree = "<group>";
		};
		3825DDBD1DCFE2E400F6D8F8 /* API */ = {
			isa = PBXGroup;
			children = (
				3825DDBE1DCFE2E400F6D8F8 /* Feed+API.swift */,
				3825DDBF1DCFE2E400F6D8F8 /* Thing+API.swift */,
				3825DDC01DCFE2E400F6D8F8 /* User+API.swift */,
				383397A01E20274F005C1EFA /* Story+API.swift */,
			);
			path = API;
			sourceTree = "<group>";
		};
		3825DDC41DCFE2F400F6D8F8 /* Extensions */ = {
			isa = PBXGroup;
			children = (
				3825DDC51DCFE2F400F6D8F8 /* String+Extensions.swift */,
				3825DDC61DCFE2F400F6D8F8 /* UIImageView+Extensions.swift */,
				385D6E821E2C4E1F00E8F1A5 /* Int+Extensions.swift */,
				385D6E8A1E2E6D6500E8F1A5 /* UIImage+Extensions.swift */,
				9E9879B01E7B51D0000F756F /* UIButton+Extension.swift */,
			);
			path = Extensions;
			sourceTree = "<group>";
		};
		3825DDC91DCFE2FF00F6D8F8 /* Model */ = {
			isa = PBXGroup;
			children = (
				3825DDCA1DCFE2FF00F6D8F8 /* Comment.swift */,
				3825DDCB1DCFE2FF00F6D8F8 /* FeedItem.swift */,
				3825DDCC1DCFE2FF00F6D8F8 /* Story.swift */,
				3825DDCD1DCFE2FF00F6D8F8 /* Thing.swift */,
				3825DDCE1DCFE2FF00F6D8F8 /* User.swift */,
			);
			path = Model;
			sourceTree = "<group>";
		};
		3825DDD41DCFE31100F6D8F8 /* Utilities */ = {
			isa = PBXGroup;
			children = (
				3825DDD71DCFE31100F6D8F8 /* ThingyColors.swift */,
				385B1A241E5CC7F400F808BC /* Gradients.swift */,
			);
			path = Utilities;
			sourceTree = "<group>";
		};
		3825DDDB1DCFE3C500F6D8F8 /* Onboarding */ = {
			isa = PBXGroup;
			children = (
				38A469A21DCFE6C8009CCF05 /* Onboarding.storyboard */,
				38D40ED51E47420300AA7E55 /* OnboardingPageVC.swift */,
				38D40ED91E4745F300AA7E55 /* OnboardingPageVC+DataSource.swift */,
				9E070E211E9FCE390020F57F /* OnboardingPageVC+Delegate.swift */,
				38D40ED71E47452300AA7E55 /* LoginRegisterVC.swift */,
				9E070E381EA2E2EB0020F57F /* LoginRegisterTypeVC.swift */,
				38D40EDF1E4A1C3F00AA7E55 /* OnboardingFlowType.swift */,
				38D40EDB1E47462400AA7E55 /* OnboardingTextInputVC.swift */,
				38D40EDD1E474BD800AA7E55 /* OnboardingScreensType.swift */,
				9E070E3A1EA2E3030020F57F /* OnboardingDoneVC.swift */,
			);
			path = Onboarding;
			sourceTree = "<group>";
		};
		3825DDDC1DCFE3E500F6D8F8 /* Feed */ = {
			isa = PBXGroup;
			children = (
				3825DDDE1DCFE4E500F6D8F8 /* FeedVC.swift */,
				38A469A41DCFEB34009CCF05 /* FeedVC+TableViewDelegate.swift */,
				38A469A61DCFEB98009CCF05 /* FeedVC+TableViewDataSource.swift */,
				38A469A81DCFED18009CCF05 /* FeedCell */,
			);
			path = Feed;
			sourceTree = "<group>";
		};
		38333A5F1E6589DA0096D909 /* YangMingShan */ = {
			isa = PBXGroup;
			children = (
				38333A601E6589DA0096D909 /* YMSPhotoPicker */,
			);
			path = YangMingShan;
			sourceTree = "<group>";
		};
		38333A601E6589DA0096D909 /* YMSPhotoPicker */ = {
			isa = PBXGroup;
			children = (
				38333A611E6589DA0096D909 /* Private */,
				38333A751E6589DA0096D909 /* Public */,
				38333A7D1E6589DA0096D909 /* YMSPhotoPickerAssets.xcassets */,
			);
			path = YMSPhotoPicker;
			sourceTree = "<group>";
		};
		38333A611E6589DA0096D909 /* Private */ = {
			isa = PBXGroup;
			children = (
				38333A621E6589DA0096D909 /* UIScrollView+YMSAdditions.h */,
				38333A631E6589DA0096D909 /* UIScrollView+YMSAdditions.m */,
				38333A641E6589DA0096D909 /* UITableViewCell+YMSConfig.h */,
				38333A651E6589DA0096D909 /* UITableViewCell+YMSConfig.m */,
				38333A661E6589DA0096D909 /* YMSAlbumCell.h */,
				38333A671E6589DA0096D909 /* YMSAlbumCell.m */,
				38333A681E6589DA0096D909 /* YMSAlbumCell.xib */,
				38333A691E6589DA0096D909 /* YMSAlbumPickerViewController.h */,
				38333A6A1E6589DA0096D909 /* YMSAlbumPickerViewController.m */,
				38333A6B1E6589DA0096D909 /* YMSAlbumPickerViewController.xib */,
				38333A6C1E6589DA0096D909 /* YMSCameraCell.h */,
				38333A6D1E6589DA0096D909 /* YMSCameraCell.m */,
				38333A6E1E6589DA0096D909 /* YMSCameraCell.xib */,
				38333A6F1E6589DA0096D909 /* YMSPhotoCell.h */,
				38333A701E6589DA0096D909 /* YMSPhotoCell.m */,
				38333A711E6589DA0096D909 /* YMSPhotoCell.xib */,
				38333A721E6589DA0096D909 /* YMSSinglePhotoViewController.h */,
				38333A731E6589DA0096D909 /* YMSSinglePhotoViewController.m */,
				38333A741E6589DA0096D909 /* YMSSinglePhotoViewController.xib */,
			);
			path = Private;
			sourceTree = "<group>";
		};
		38333A751E6589DA0096D909 /* Public */ = {
			isa = PBXGroup;
			children = (
				38333A761E6589DA0096D909 /* UIViewController+YMSPhotoHelper.h */,
				38333A771E6589DA0096D909 /* UIViewController+YMSPhotoHelper.m */,
				38333A781E6589DA0096D909 /* YMSPhotoPickerTheme.h */,
				38333A791E6589DA0096D909 /* YMSPhotoPickerTheme.m */,
				38333A7A1E6589DA0096D909 /* YMSPhotoPickerViewController.h */,
				38333A7B1E6589DA0096D909 /* YMSPhotoPickerViewController.m */,
				38333A7C1E6589DA0096D909 /* YMSPhotoPickerViewController.xib */,
			);
			path = Public;
			sourceTree = "<group>";
		};
		385D6E781E2ADCAF00E8F1A5 /* Comments */ = {
			isa = PBXGroup;
			children = (
				385D6E791E2ADCD200E8F1A5 /* CommentCell */,
				381CC45B1E381D7500D87FA0 /* AllCommentsViewController.swift */,
				381CC45C1E381D7500D87FA0 /* AllCommentsViewController.xib */,
				381CC45F1E381ECC00D87FA0 /* AllCommentsViewController+UITableViewDataSource.swift */,
				381CC4611E381EE400D87FA0 /* AllCommentsViewController+UITableViewDelegate.swift */,
				388D63F71E4258CE00B4D28F /* AllCommentsViewController+UITextViewDelegate.swift */,
				388D63F91E426F0600B4D28F /* AllCommentsViewController+ShowUserProfileDelegate.swift */,
			);
			path = Comments;
			sourceTree = "<group>";
		};
		385D6E791E2ADCD200E8F1A5 /* CommentCell */ = {
			isa = PBXGroup;
			children = (
				385D6E7A1E2ADCF100E8F1A5 /* CommentTableViewCell.swift */,
				385D6E7B1E2ADCF100E8F1A5 /* CommentTableViewCell.xib */,
			);
			path = CommentCell;
			sourceTree = "<group>";
		};
		387A6CBE1E2417E500834164 /* Profile */ = {
			isa = PBXGroup;
			children = (
				387A6CC21E2418D000834164 /* UserProfileVC.swift */,
				9E070E361E9FECC40020F57F /* UserProfileVC+DetailsDelegate.swift */,
				385D6E641E26A96700E8F1A5 /* UserProfileVC+TableViewDelegate.swift */,
				385D6E661E26A98700E8F1A5 /* UserProfileVC+TableViewDataSource.swift */,
				385D6E611E26A35300E8F1A5 /* UserDetailTableViewCell.xib */,
				385D6E601E26A35300E8F1A5 /* UserDetailTableViewCell.swift */,
				387A6CDC1E244A5200834164 /* UserTableViewCell.swift */,
				387A6CDD1E244A5200834164 /* UserTableViewCell.xib */,
				38019B571E422E44003AFFE6 /* UserStoryboard.storyboard */,
			);
			path = Profile;
			sourceTree = "<group>";
		};
		387A6CBF1E2417F300834164 /* Add */ = {
			isa = PBXGroup;
			children = (
				38D40EC91E472EB000AA7E55 /* AddStoryboard.storyboard */,
				381DA5661E4BEA8D008E5D73 /* PhotoGallery */,
				381DA5651E4BEA2A008E5D73 /* Destination */,
				381DA5671E4BEA99008E5D73 /* ThingDetails */,
				38D40ECB1E472F4C00AA7E55 /* AddPageViewController.swift */,
				38D13D711E5F276600E29145 /* AddPageViewController+PhotoPickerDelegate.swift */,
				38D40ED31E4736C000AA7E55 /* AddPageViewController+UIPageViewDataSource.swift */,
				38D40ED11E47340400AA7E55 /* ThingDetailsViewController.swift */,
			);
			path = Add;
			sourceTree = "<group>";
		};
		387A6CC01E24180C00834164 /* Story */ = {
			isa = PBXGroup;
			children = (
				387A6CE01E245D8D00834164 /* StoryTableViewCell.swift */,
				387A6CE11E245D8D00834164 /* StoryTableViewCell.xib */,
				385D6E841E2C5C4100E8F1A5 /* StoryViewController.swift */,
				385D6E881E2CE1B800E8F1A5 /* StoryStoryboard.storyboard */,
				9E1A42371E96914B00ED163B /* StoryVC+ImagePickerControllerDelegate.swift */,
			);
			path = Story;
			sourceTree = "<group>";
		};
		387A6CC11E24181300834164 /* Thing */ = {
			isa = PBXGroup;
			children = (
				385D6E6C1E2802E800E8F1A5 /* ThingStoryboard.storyboard */,
				385D6E681E26B7C900E8F1A5 /* ThingViewController.swift */,
				387A6CC61E243DDD00834164 /* ThingTableViewCell.swift */,
				387A6CC71E243DDD00834164 /* ThingTableViewCell.xib */,
				385D6E6E1E282D9B00E8F1A5 /* ThingGalleryViewController.swift */,
				385D6E701E2840AC00E8F1A5 /* ThingViewController+UIPageViewControllerDataSource.swift */,
				385D6E721E28517A00E8F1A5 /* ThingViewController+UIPageViewControllerDelegate.swift */,
				385D6E741E28676000E8F1A5 /* ThingViewController+UITableViewDataSource.swift */,
				385D6E761E2867D100E8F1A5 /* ThingViewController+UITableViewDelegate.swift */,
			);
			path = Thing;
			sourceTree = "<group>";
		};
		387A6CCC1E2441D500834164 /* Explore */ = {
			isa = PBXGroup;
			children = (
				9E1A42411E96A14B00ED163B /* Explore.storyboard */,
				9E1A42431E96A14B00ED163B /* ExplorePageVC.swift */,
				9E65405B1E9848B000B86278 /* ExplorePageVC+Delegate.swift */,
				9E1A42421E96A14B00ED163B /* ExplorePageVC+DataSource.swift */,
				9E1A42441E96A14B00ED163B /* ExploreType.swift */,
				387A6CCD1E2441E300834164 /* ExploreVC.swift */,
				387A6CCF1E2441F900834164 /* ExploreVC+TableViewDelegate.swift */,
				387A6CD11E24420C00834164 /* ExploreVC+TableViewDataSource.swift */,
				387A6CE81E246EC700834164 /* ExploreVC+SearchResultsUpdating.swift */,
			);
			path = Explore;
			sourceTree = "<group>";
		};
		387A6CD31E2442D700834164 /* Mocks */ = {
			isa = PBXGroup;
			children = (
				387A6CD41E24437600834164 /* Thing+Mock.swift */,
				387A6CD61E24438300834164 /* Story+Mock.swift */,
				387A6CD81E24439000834164 /* FeedItem+Mock.swift */,
				387A6CDA1E24439A00834164 /* User+Mock.swift */,
				385D6E7E1E2AE49D00E8F1A5 /* Comment+Mock.swift */,
				385D6E801E2AF07E00E8F1A5 /* Database+Mock.swift */,
			);
			path = Mocks;
			sourceTree = "<group>";
		};
		38A469A81DCFED18009CCF05 /* FeedCell */ = {
			isa = PBXGroup;
			children = (
				38A469AD1DCFFB5A009CCF05 /* FeedTableViewCell.swift */,
				38A469AA1DCFED2F009CCF05 /* FeedTableViewCell.xib */,
			);
			path = FeedCell;
			sourceTree = "<group>";
		};
		38EFC4BE1DAAB6370090E1DB = {
			isa = PBXGroup;
			children = (
				38EFC4C91DAAB6370090E1DB /* Thingy */,
				38EFC4E01DAAB6380090E1DB /* ThingyTests */,
				38EFC4EB1DAAB6380090E1DB /* ThingyUITests */,
				38EFC4C81DAAB6370090E1DB /* Products */,
				B36CEAF805BC4F26B7065D2D /* Pods */,
				B2D38B5870A797FB21E3793D /* Frameworks */,
			);
			sourceTree = "<group>";
		};
		38EFC4C81DAAB6370090E1DB /* Products */ = {
			isa = PBXGroup;
			children = (
				38EFC4C71DAAB6370090E1DB /* Thingy.app */,
				38EFC4DD1DAAB6380090E1DB /* ThingyTests.xctest */,
				38EFC4E81DAAB6380090E1DB /* ThingyUITests.xctest */,
			);
			name = Products;
			sourceTree = "<group>";
		};
		38EFC4C91DAAB6370090E1DB /* Thingy */ = {
			isa = PBXGroup;
			children = (
				38EFC4D81DAAB6380090E1DB /* Info.plist */,
				387A6CC41E241D9B00834164 /* Assets.xcassets */,
				38333A8F1E65AAAE0096D909 /* Thingy-Bridging-Header.h */,
				38EFC4CA1DAAB6370090E1DB /* AppDelegate.swift */,
				38EFC4D01DAAB6370090E1DB /* Main.storyboard */,
				38EFC4D51DAAB6380090E1DB /* LaunchScreen.storyboard */,
				3825DDC91DCFE2FF00F6D8F8 /* Model */,
				3825DDBD1DCFE2E400F6D8F8 /* API */,
				3825DDDB1DCFE3C500F6D8F8 /* Onboarding */,
				3825DDDC1DCFE3E500F6D8F8 /* Feed */,
				387A6CBE1E2417E500834164 /* Profile */,
				387A6CCC1E2441D500834164 /* Explore */,
				387A6CBF1E2417F300834164 /* Add */,
				387A6CC01E24180C00834164 /* Story */,
				387A6CC11E24181300834164 /* Thing */,
				9E070E231E9FDF270020F57F /* UsersList */,
				385D6E781E2ADCAF00E8F1A5 /* Comments */,
				9E1A42341E9292F400ED163B /* Controls */,
				3825DDD41DCFE31100F6D8F8 /* Utilities */,
				387A6CD31E2442D700834164 /* Mocks */,
				3825DDC41DCFE2F400F6D8F8 /* Extensions */,
			);
			path = Thingy;
			sourceTree = "<group>";
		};
		38EFC4E01DAAB6380090E1DB /* ThingyTests */ = {
			isa = PBXGroup;
			children = (
				38EFC4E11DAAB6380090E1DB /* ThingyTests.swift */,
				38EFC4E31DAAB6380090E1DB /* Info.plist */,
			);
			path = ThingyTests;
			sourceTree = "<group>";
		};
		38EFC4EB1DAAB6380090E1DB /* ThingyUITests */ = {
			isa = PBXGroup;
			children = (
				38EFC4EC1DAAB6380090E1DB /* ThingyUITests.swift */,
				38EFC4EE1DAAB6380090E1DB /* Info.plist */,
			);
			path = ThingyUITests;
			sourceTree = "<group>";
		};
		9E070E231E9FDF270020F57F /* UsersList */ = {
			isa = PBXGroup;
			children = (
				9E070E301E9FE0690020F57F /* UsersListVC.swift */,
				9E070E311E9FE0690020F57F /* UsersListVC.xib */,
				9E070E341E9FE6D50020F57F /* UsersListType.swift */,
				9E070E2C1E9FE0100020F57F /* UsersListVC+TableViewDelegate.swift */,
				9E070E2E1E9FE0200020F57F /* UsersListVC+TableViewDataSource.swift */,
				9E070E281E9FDF710020F57F /* UsersListTableViewCell.swift */,
				9E070E291E9FDF710020F57F /* UsersListTableViewCell.xib */,
			);
			path = UsersList;
			sourceTree = "<group>";
		};
		9E1A42341E9292F400ED163B /* Controls */ = {
			isa = PBXGroup;
			children = (
				9E1A42351E92931B00ED163B /* ThingyButton.swift */,
			);
			path = Controls;
			sourceTree = "<group>";
		};
		B2D38B5870A797FB21E3793D /* Frameworks */ = {
			isa = PBXGroup;
			children = (
				B9AEC49298F6C08A966574E7 /* Pods_Thingy.framework */,
				C934C0ED6EDA32A71DA650D8 /* Pods_ThingyTests.framework */,
				7408342CA01D5419321DA893 /* Pods_ThingyUITests.framework */,
			);
			name = Frameworks;
			sourceTree = "<group>";
		};
		B36CEAF805BC4F26B7065D2D /* Pods */ = {
			isa = PBXGroup;
			children = (
				B5FA5DEF0980D9B7D38C415F /* Pods-Thingy.debug.xcconfig */,
				CB23EF3F7CBE0173C6B02D63 /* Pods-Thingy.release.xcconfig */,
				13A21310649A9CEA912891FB /* Pods-ThingyTests.debug.xcconfig */,
				407FD10B0E4631A5B28DFA65 /* Pods-ThingyTests.release.xcconfig */,
				36B3CA731D200DA275D67AAB /* Pods-ThingyUITests.debug.xcconfig */,
				2172858DB4F5206E569FE8B4 /* Pods-ThingyUITests.release.xcconfig */,
			);
			name = Pods;
			sourceTree = "<group>";
		};
/* End PBXGroup section */

/* Begin PBXNativeTarget section */
		38EFC4C61DAAB6370090E1DB /* Thingy */ = {
			isa = PBXNativeTarget;
			buildConfigurationList = 38EFC4F11DAAB6380090E1DB /* Build configuration list for PBXNativeTarget "Thingy" */;
			buildPhases = (
				7ED2A05CCCF676C6D4CF447F /* [CP] Check Pods Manifest.lock */,
				38EFC4C31DAAB6370090E1DB /* Sources */,
				38EFC4C41DAAB6370090E1DB /* Frameworks */,
				38EFC4C51DAAB6370090E1DB /* Resources */,
				B13B3BF0364493CDECF6DE02 /* [CP] Embed Pods Frameworks */,
				91B7550EF807762EFFB67268 /* [CP] Copy Pods Resources */,
			);
			buildRules = (
			);
			dependencies = (
			);
			name = Thingy;
			productName = Thingy;
			productReference = 38EFC4C71DAAB6370090E1DB /* Thingy.app */;
			productType = "com.apple.product-type.application";
		};
		38EFC4DC1DAAB6380090E1DB /* ThingyTests */ = {
			isa = PBXNativeTarget;
			buildConfigurationList = 38EFC4F41DAAB6380090E1DB /* Build configuration list for PBXNativeTarget "ThingyTests" */;
			buildPhases = (
				8C227D1D25FB0FC4DDF36121 /* [CP] Check Pods Manifest.lock */,
				38EFC4D91DAAB6380090E1DB /* Sources */,
				38EFC4DA1DAAB6380090E1DB /* Frameworks */,
				38EFC4DB1DAAB6380090E1DB /* Resources */,
				A4ABC9CF8B120F9C51642B75 /* [CP] Embed Pods Frameworks */,
				4FCE09F15569D35F6AED9DF2 /* [CP] Copy Pods Resources */,
			);
			buildRules = (
			);
			dependencies = (
				38EFC4DF1DAAB6380090E1DB /* PBXTargetDependency */,
			);
			name = ThingyTests;
			productName = ThingyTests;
			productReference = 38EFC4DD1DAAB6380090E1DB /* ThingyTests.xctest */;
			productType = "com.apple.product-type.bundle.unit-test";
		};
		38EFC4E71DAAB6380090E1DB /* ThingyUITests */ = {
			isa = PBXNativeTarget;
			buildConfigurationList = 38EFC4F71DAAB6380090E1DB /* Build configuration list for PBXNativeTarget "ThingyUITests" */;
			buildPhases = (
				39F869EC540D3DD875D66807 /* [CP] Check Pods Manifest.lock */,
				38EFC4E41DAAB6380090E1DB /* Sources */,
				38EFC4E51DAAB6380090E1DB /* Frameworks */,
				38EFC4E61DAAB6380090E1DB /* Resources */,
				B455B05805338AF294B49ED8 /* [CP] Copy Pods Resources */,
				B2DC1BFA0E163E5AD253A7D9 /* [CP] Embed Pods Frameworks */,
			);
			buildRules = (
			);
			dependencies = (
				38EFC4EA1DAAB6380090E1DB /* PBXTargetDependency */,
			);
			name = ThingyUITests;
			productName = ThingyUITests;
			productReference = 38EFC4E81DAAB6380090E1DB /* ThingyUITests.xctest */;
			productType = "com.apple.product-type.bundle.ui-testing";
		};
/* End PBXNativeTarget section */

/* Begin PBXProject section */
		38EFC4BF1DAAB6370090E1DB /* Project object */ = {
			isa = PBXProject;
			attributes = {
				LastSwiftUpdateCheck = 0800;
				LastUpgradeCheck = 0820;
				ORGANIZATIONNAME = "Filip Szukala";
				TargetAttributes = {
					38EFC4C61DAAB6370090E1DB = {
						CreatedOnToolsVersion = 8.0;
						DevelopmentTeam = GN5RD5DNZH;
						ProvisioningStyle = Automatic;
					};
					38EFC4DC1DAAB6380090E1DB = {
						CreatedOnToolsVersion = 8.0;
						DevelopmentTeam = GN5RD5DNZH;
						ProvisioningStyle = Automatic;
						TestTargetID = 38EFC4C61DAAB6370090E1DB;
					};
					38EFC4E71DAAB6380090E1DB = {
						CreatedOnToolsVersion = 8.0;
						DevelopmentTeam = GN5RD5DNZH;
						ProvisioningStyle = Automatic;
						TestTargetID = 38EFC4C61DAAB6370090E1DB;
					};
				};
			};
			buildConfigurationList = 38EFC4C21DAAB6370090E1DB /* Build configuration list for PBXProject "Thingy" */;
			compatibilityVersion = "Xcode 3.2";
			developmentRegion = English;
			hasScannedForEncodings = 0;
			knownRegions = (
				en,
				Base,
			);
			mainGroup = 38EFC4BE1DAAB6370090E1DB;
			productRefGroup = 38EFC4C81DAAB6370090E1DB /* Products */;
			projectDirPath = "";
			projectRoot = "";
			targets = (
				38EFC4C61DAAB6370090E1DB /* Thingy */,
				38EFC4DC1DAAB6380090E1DB /* ThingyTests */,
				38EFC4E71DAAB6380090E1DB /* ThingyUITests */,
			);
		};
/* End PBXProject section */

/* Begin PBXResourcesBuildPhase section */
		38EFC4C51DAAB6370090E1DB /* Resources */ = {
			isa = PBXResourcesBuildPhase;
			buildActionMask = 2147483647;
			files = (
				385D6E6D1E2802E800E8F1A5 /* ThingStoryboard.storyboard in Resources */,
				385D6E631E26A35300E8F1A5 /* UserDetailTableViewCell.xib in Resources */,
				381DA5721E4CF1AD008E5D73 /* DestinationTableViewCell.xib in Resources */,
				387A6CC91E243DDD00834164 /* ThingTableViewCell.xib in Resources */,
				385D6E891E2CE1B800E8F1A5 /* StoryStoryboard.storyboard in Resources */,
				38333A8E1E6589DA0096D909 /* YMSPhotoPickerAssets.xcassets in Resources */,
				38EFC4D71DAAB6380090E1DB /* LaunchScreen.storyboard in Resources */,
				38333A811E6589DA0096D909 /* YMSAlbumCell.xib in Resources */,
				38333A851E6589DA0096D909 /* YMSCameraCell.xib in Resources */,
				38A469A31DCFE6C8009CCF05 /* Onboarding.storyboard in Resources */,
				387A6CE31E245D8D00834164 /* StoryTableViewCell.xib in Resources */,
				381CC45E1E381D7500D87FA0 /* AllCommentsViewController.xib in Resources */,
				38333A831E6589DA0096D909 /* YMSAlbumPickerViewController.xib in Resources */,
				38333A871E6589DA0096D909 /* YMSPhotoCell.xib in Resources */,
				387A6CDF1E244A5200834164 /* UserTableViewCell.xib in Resources */,
				38333A8D1E6589DA0096D909 /* YMSPhotoPickerViewController.xib in Resources */,
				9E1A42451E96A14B00ED163B /* Explore.storyboard in Resources */,
				38D40ECA1E472EB000AA7E55 /* AddStoryboard.storyboard in Resources */,
				38A469AC1DCFED2F009CCF05 /* FeedTableViewCell.xib in Resources */,
				9E070E331E9FE0690020F57F /* UsersListVC.xib in Resources */,
				38019B581E422E44003AFFE6 /* UserStoryboard.storyboard in Resources */,
				385D6E7D1E2ADCF100E8F1A5 /* CommentTableViewCell.xib in Resources */,
				9E070E2B1E9FDF710020F57F /* UsersListTableViewCell.xib in Resources */,
				38333A891E6589DA0096D909 /* YMSSinglePhotoViewController.xib in Resources */,
				38EFC4D21DAAB6370090E1DB /* Main.storyboard in Resources */,
				387A6CC51E241D9B00834164 /* Assets.xcassets in Resources */,
			);
			runOnlyForDeploymentPostprocessing = 0;
		};
		38EFC4DB1DAAB6380090E1DB /* Resources */ = {
			isa = PBXResourcesBuildPhase;
			buildActionMask = 2147483647;
			files = (
			);
			runOnlyForDeploymentPostprocessing = 0;
		};
		38EFC4E61DAAB6380090E1DB /* Resources */ = {
			isa = PBXResourcesBuildPhase;
			buildActionMask = 2147483647;
			files = (
			);
			runOnlyForDeploymentPostprocessing = 0;
		};
/* End PBXResourcesBuildPhase section */

/* Begin PBXShellScriptBuildPhase section */
		39F869EC540D3DD875D66807 /* [CP] Check Pods Manifest.lock */ = {
			isa = PBXShellScriptBuildPhase;
			buildActionMask = 2147483647;
			files = (
			);
			inputPaths = (
			);
			name = "[CP] Check Pods Manifest.lock";
			outputPaths = (
			);
			runOnlyForDeploymentPostprocessing = 0;
			shellPath = /bin/sh;
			shellScript = "diff \"${PODS_ROOT}/../Podfile.lock\" \"${PODS_ROOT}/Manifest.lock\" > /dev/null\nif [ $? != 0 ] ; then\n    # print error to STDERR\n    echo \"error: The sandbox is not in sync with the Podfile.lock. Run 'pod install' or update your CocoaPods installation.\" >&2\n    exit 1\nfi\n";
			showEnvVarsInLog = 0;
		};
		4FCE09F15569D35F6AED9DF2 /* [CP] Copy Pods Resources */ = {
			isa = PBXShellScriptBuildPhase;
			buildActionMask = 2147483647;
			files = (
			);
			inputPaths = (
			);
			name = "[CP] Copy Pods Resources";
			outputPaths = (
			);
			runOnlyForDeploymentPostprocessing = 0;
			shellPath = /bin/sh;
			shellScript = "\"${SRCROOT}/Pods/Target Support Files/Pods-ThingyTests/Pods-ThingyTests-resources.sh\"\n";
			showEnvVarsInLog = 0;
		};
		7ED2A05CCCF676C6D4CF447F /* [CP] Check Pods Manifest.lock */ = {
			isa = PBXShellScriptBuildPhase;
			buildActionMask = 2147483647;
			files = (
			);
			inputPaths = (
			);
			name = "[CP] Check Pods Manifest.lock";
			outputPaths = (
			);
			runOnlyForDeploymentPostprocessing = 0;
			shellPath = /bin/sh;
			shellScript = "diff \"${PODS_ROOT}/../Podfile.lock\" \"${PODS_ROOT}/Manifest.lock\" > /dev/null\nif [ $? != 0 ] ; then\n    # print error to STDERR\n    echo \"error: The sandbox is not in sync with the Podfile.lock. Run 'pod install' or update your CocoaPods installation.\" >&2\n    exit 1\nfi\n";
			showEnvVarsInLog = 0;
		};
		8C227D1D25FB0FC4DDF36121 /* [CP] Check Pods Manifest.lock */ = {
			isa = PBXShellScriptBuildPhase;
			buildActionMask = 2147483647;
			files = (
			);
			inputPaths = (
			);
			name = "[CP] Check Pods Manifest.lock";
			outputPaths = (
			);
			runOnlyForDeploymentPostprocessing = 0;
			shellPath = /bin/sh;
			shellScript = "diff \"${PODS_ROOT}/../Podfile.lock\" \"${PODS_ROOT}/Manifest.lock\" > /dev/null\nif [ $? != 0 ] ; then\n    # print error to STDERR\n    echo \"error: The sandbox is not in sync with the Podfile.lock. Run 'pod install' or update your CocoaPods installation.\" >&2\n    exit 1\nfi\n";
			showEnvVarsInLog = 0;
		};
		91B7550EF807762EFFB67268 /* [CP] Copy Pods Resources */ = {
			isa = PBXShellScriptBuildPhase;
			buildActionMask = 2147483647;
			files = (
			);
			inputPaths = (
			);
			name = "[CP] Copy Pods Resources";
			outputPaths = (
			);
			runOnlyForDeploymentPostprocessing = 0;
			shellPath = /bin/sh;
			shellScript = "\"${SRCROOT}/Pods/Target Support Files/Pods-Thingy/Pods-Thingy-resources.sh\"\n";
			showEnvVarsInLog = 0;
		};
		A4ABC9CF8B120F9C51642B75 /* [CP] Embed Pods Frameworks */ = {
			isa = PBXShellScriptBuildPhase;
			buildActionMask = 2147483647;
			files = (
			);
			inputPaths = (
			);
			name = "[CP] Embed Pods Frameworks";
			outputPaths = (
			);
			runOnlyForDeploymentPostprocessing = 0;
			shellPath = /bin/sh;
			shellScript = "\"${SRCROOT}/Pods/Target Support Files/Pods-ThingyTests/Pods-ThingyTests-frameworks.sh\"\n";
			showEnvVarsInLog = 0;
		};
		B13B3BF0364493CDECF6DE02 /* [CP] Embed Pods Frameworks */ = {
			isa = PBXShellScriptBuildPhase;
			buildActionMask = 2147483647;
			files = (
			);
			inputPaths = (
			);
			name = "[CP] Embed Pods Frameworks";
			outputPaths = (
			);
			runOnlyForDeploymentPostprocessing = 0;
			shellPath = /bin/sh;
			shellScript = "\"${SRCROOT}/Pods/Target Support Files/Pods-Thingy/Pods-Thingy-frameworks.sh\"\n";
			showEnvVarsInLog = 0;
		};
		B2DC1BFA0E163E5AD253A7D9 /* [CP] Embed Pods Frameworks */ = {
			isa = PBXShellScriptBuildPhase;
			buildActionMask = 2147483647;
			files = (
			);
			inputPaths = (
			);
			name = "[CP] Embed Pods Frameworks";
			outputPaths = (
			);
			runOnlyForDeploymentPostprocessing = 0;
			shellPath = /bin/sh;
			shellScript = "\"${SRCROOT}/Pods/Target Support Files/Pods-ThingyUITests/Pods-ThingyUITests-frameworks.sh\"\n";
			showEnvVarsInLog = 0;
		};
		B455B05805338AF294B49ED8 /* [CP] Copy Pods Resources */ = {
			isa = PBXShellScriptBuildPhase;
			buildActionMask = 2147483647;
			files = (
			);
			inputPaths = (
			);
			name = "[CP] Copy Pods Resources";
			outputPaths = (
			);
			runOnlyForDeploymentPostprocessing = 0;
			shellPath = /bin/sh;
			shellScript = "\"${SRCROOT}/Pods/Target Support Files/Pods-ThingyUITests/Pods-ThingyUITests-resources.sh\"\n";
			showEnvVarsInLog = 0;
		};
/* End PBXShellScriptBuildPhase section */

/* Begin PBXSourcesBuildPhase section */
		38EFC4C31DAAB6370090E1DB /* Sources */ = {
			isa = PBXSourcesBuildPhase;
			buildActionMask = 2147483647;
			files = (
				381DA5711E4CF1AD008E5D73 /* DestinationTableViewCell.swift in Sources */,
				3825DDD31DCFE2FF00F6D8F8 /* User.swift in Sources */,
				388D63FA1E426F0600B4D28F /* AllCommentsViewController+ShowUserProfileDelegate.swift in Sources */,
				385D6E621E26A35300E8F1A5 /* UserDetailTableViewCell.swift in Sources */,
				381DA56C1E4CB81B008E5D73 /* DestinationViewController+UITableViewDataSource.swift in Sources */,
				9E070E351E9FE6D50020F57F /* UsersListType.swift in Sources */,
				38333A8C1E6589DA0096D909 /* YMSPhotoPickerViewController.m in Sources */,
				3825DDC21DCFE2E400F6D8F8 /* Thing+API.swift in Sources */,
				38D40ED21E47340400AA7E55 /* ThingDetailsViewController.swift in Sources */,
				9E9879B11E7B51D0000F756F /* UIButton+Extension.swift in Sources */,
				387A6CD91E24439000834164 /* FeedItem+Mock.swift in Sources */,
				38D40ED41E4736C000AA7E55 /* AddPageViewController+UIPageViewDataSource.swift in Sources */,
				387A6CD51E24437600834164 /* Thing+Mock.swift in Sources */,
				9E070E3B1EA2E3030020F57F /* OnboardingDoneVC.swift in Sources */,
				381CC4601E381ECC00D87FA0 /* AllCommentsViewController+UITableViewDataSource.swift in Sources */,
				9E1A42481E96A14B00ED163B /* ExploreType.swift in Sources */,
				385B1A251E5CC7F400F808BC /* Gradients.swift in Sources */,
				387A6CC31E2418D000834164 /* UserProfileVC.swift in Sources */,
				385D6E811E2AF07E00E8F1A5 /* Database+Mock.swift in Sources */,
				383397A11E20274F005C1EFA /* Story+API.swift in Sources */,
				38D40ED61E47420300AA7E55 /* OnboardingPageVC.swift in Sources */,
				3825DDC71DCFE2F400F6D8F8 /* String+Extensions.swift in Sources */,
				38333A841E6589DA0096D909 /* YMSCameraCell.m in Sources */,
				9E65405C1E9848B000B86278 /* ExplorePageVC+Delegate.swift in Sources */,
				385D6E771E2867D100E8F1A5 /* ThingViewController+UITableViewDelegate.swift in Sources */,
				385D6E671E26A98700E8F1A5 /* UserProfileVC+TableViewDataSource.swift in Sources */,
				387A6CCE1E2441E300834164 /* ExploreVC.swift in Sources */,
				38333A821E6589DA0096D909 /* YMSAlbumPickerViewController.m in Sources */,
				38D13D721E5F276600E29145 /* AddPageViewController+PhotoPickerDelegate.swift in Sources */,
				38333A801E6589DA0096D909 /* YMSAlbumCell.m in Sources */,
				38333A7F1E6589DA0096D909 /* UITableViewCell+YMSConfig.m in Sources */,
				388D63F81E4258CE00B4D28F /* AllCommentsViewController+UITextViewDelegate.swift in Sources */,
				38EFC4CB1DAAB6370090E1DB /* AppDelegate.swift in Sources */,
				381DA5691E4BEAB6008E5D73 /* DestinationViewController.swift in Sources */,
				387A6CE21E245D8D00834164 /* StoryTableViewCell.swift in Sources */,
				38D40EE01E4A1C3F00AA7E55 /* OnboardingFlowType.swift in Sources */,
				387A6CD01E2441F900834164 /* ExploreVC+TableViewDelegate.swift in Sources */,
				38333A881E6589DA0096D909 /* YMSSinglePhotoViewController.m in Sources */,
				385D6E6A1E26B7C900E8F1A5 /* ThingViewController.swift in Sources */,
				381DA56E1E4CB837008E5D73 /* DestinationViewController+UITableViewDelegate.swift in Sources */,
				385D6E751E28676000E8F1A5 /* ThingViewController+UITableViewDataSource.swift in Sources */,
				3825DDD21DCFE2FF00F6D8F8 /* Thing.swift in Sources */,
				9E070E2D1E9FE0100020F57F /* UsersListVC+TableViewDelegate.swift in Sources */,
				3825DDD01DCFE2FF00F6D8F8 /* FeedItem.swift in Sources */,
				38D40ED81E47452300AA7E55 /* LoginRegisterVC.swift in Sources */,
				387A6CC81E243DDD00834164 /* ThingTableViewCell.swift in Sources */,
				38333A861E6589DA0096D909 /* YMSPhotoCell.m in Sources */,
				38D40EDE1E474BD800AA7E55 /* OnboardingScreensType.swift in Sources */,
				387A6CD71E24438300834164 /* Story+Mock.swift in Sources */,
				38D40EDC1E47462400AA7E55 /* OnboardingTextInputVC.swift in Sources */,
				9E070E2A1E9FDF710020F57F /* UsersListTableViewCell.swift in Sources */,
				385D6E651E26A96700E8F1A5 /* UserProfileVC+TableViewDelegate.swift in Sources */,
				3825DDC11DCFE2E400F6D8F8 /* Feed+API.swift in Sources */,
				38333A8A1E6589DA0096D909 /* UIViewController+YMSPhotoHelper.m in Sources */,
				38A469A71DCFEB98009CCF05 /* FeedVC+TableViewDataSource.swift in Sources */,
				387A6CDE1E244A5200834164 /* UserTableViewCell.swift in Sources */,
				38333A7E1E6589DA0096D909 /* UIScrollView+YMSAdditions.m in Sources */,
				38D40ECC1E472F4C00AA7E55 /* AddPageViewController.swift in Sources */,
				385D6E7C1E2ADCF100E8F1A5 /* CommentTableViewCell.swift in Sources */,
				38A469A51DCFEB34009CCF05 /* FeedVC+TableViewDelegate.swift in Sources */,
				9E070E371E9FECC40020F57F /* UserProfileVC+DetailsDelegate.swift in Sources */,
				385D6E711E2840AC00E8F1A5 /* ThingViewController+UIPageViewControllerDataSource.swift in Sources */,
				385D6E831E2C4E1F00E8F1A5 /* Int+Extensions.swift in Sources */,
				385D6E861E2C5C4100E8F1A5 /* StoryViewController.swift in Sources */,
				9E070E221E9FCE390020F57F /* OnboardingPageVC+Delegate.swift in Sources */,
				38A469AE1DCFFB5A009CCF05 /* FeedTableViewCell.swift in Sources */,
				381CC4621E381EE400D87FA0 /* AllCommentsViewController+UITableViewDelegate.swift in Sources */,
				9E070E2F1E9FE0200020F57F /* UsersListVC+TableViewDataSource.swift in Sources */,
				387A6CDB1E24439A00834164 /* User+Mock.swift in Sources */,
				385D6E6F1E282D9B00E8F1A5 /* ThingGalleryViewController.swift in Sources */,
				3825DDC81DCFE2F400F6D8F8 /* UIImageView+Extensions.swift in Sources */,
				3825DDCF1DCFE2FF00F6D8F8 /* Comment.swift in Sources */,
				9E070E321E9FE0690020F57F /* UsersListVC.swift in Sources */,
				385D6E7F1E2AE49D00E8F1A5 /* Comment+Mock.swift in Sources */,
				3825DDDA1DCFE31100F6D8F8 /* ThingyColors.swift in Sources */,
				385D6E731E28517A00E8F1A5 /* ThingViewController+UIPageViewControllerDelegate.swift in Sources */,
				9E070E391EA2E2EB0020F57F /* LoginRegisterTypeVC.swift in Sources */,
				385D6E8B1E2E6D6500E8F1A5 /* UIImage+Extensions.swift in Sources */,
				387A6CE91E246EC700834164 /* ExploreVC+SearchResultsUpdating.swift in Sources */,
				3825DDC31DCFE2E400F6D8F8 /* User+API.swift in Sources */,
				9E1A42381E96914B00ED163B /* StoryVC+ImagePickerControllerDelegate.swift in Sources */,
				9E1A42461E96A14B00ED163B /* ExplorePageVC+DataSource.swift in Sources */,
				9E1A42361E92931B00ED163B /* ThingyButton.swift in Sources */,
				381CC45D1E381D7500D87FA0 /* AllCommentsViewController.swift in Sources */,
				3825DDE01DCFE4E500F6D8F8 /* FeedVC.swift in Sources */,
				3825DDD11DCFE2FF00F6D8F8 /* Story.swift in Sources */,
				9E1A42471E96A14B00ED163B /* ExplorePageVC.swift in Sources */,
				38333A8B1E6589DA0096D909 /* YMSPhotoPickerTheme.m in Sources */,
				387A6CD21E24420C00834164 /* ExploreVC+TableViewDataSource.swift in Sources */,
				38D40EDA1E4745F300AA7E55 /* OnboardingPageVC+DataSource.swift in Sources */,
			);
			runOnlyForDeploymentPostprocessing = 0;
		};
		38EFC4D91DAAB6380090E1DB /* Sources */ = {
			isa = PBXSourcesBuildPhase;
			buildActionMask = 2147483647;
			files = (
				38EFC4E21DAAB6380090E1DB /* ThingyTests.swift in Sources */,
			);
			runOnlyForDeploymentPostprocessing = 0;
		};
		38EFC4E41DAAB6380090E1DB /* Sources */ = {
			isa = PBXSourcesBuildPhase;
			buildActionMask = 2147483647;
			files = (
				38EFC4ED1DAAB6380090E1DB /* ThingyUITests.swift in Sources */,
			);
			runOnlyForDeploymentPostprocessing = 0;
		};
/* End PBXSourcesBuildPhase section */

/* Begin PBXTargetDependency section */
		38EFC4DF1DAAB6380090E1DB /* PBXTargetDependency */ = {
			isa = PBXTargetDependency;
			target = 38EFC4C61DAAB6370090E1DB /* Thingy */;
			targetProxy = 38EFC4DE1DAAB6380090E1DB /* PBXContainerItemProxy */;
		};
		38EFC4EA1DAAB6380090E1DB /* PBXTargetDependency */ = {
			isa = PBXTargetDependency;
			target = 38EFC4C61DAAB6370090E1DB /* Thingy */;
			targetProxy = 38EFC4E91DAAB6380090E1DB /* PBXContainerItemProxy */;
		};
/* End PBXTargetDependency section */

/* Begin PBXVariantGroup section */
		38EFC4D01DAAB6370090E1DB /* Main.storyboard */ = {
			isa = PBXVariantGroup;
			children = (
				38EFC4D11DAAB6370090E1DB /* Base */,
			);
			name = Main.storyboard;
			sourceTree = "<group>";
		};
		38EFC4D51DAAB6380090E1DB /* LaunchScreen.storyboard */ = {
			isa = PBXVariantGroup;
			children = (
				38EFC4D61DAAB6380090E1DB /* Base */,
			);
			name = LaunchScreen.storyboard;
			sourceTree = "<group>";
		};
/* End PBXVariantGroup section */

/* Begin XCBuildConfiguration section */
		38EFC4EF1DAAB6380090E1DB /* Debug */ = {
			isa = XCBuildConfiguration;
			buildSettings = {
				ALWAYS_SEARCH_USER_PATHS = NO;
				CLANG_ANALYZER_NONNULL = YES;
				CLANG_CXX_LANGUAGE_STANDARD = "gnu++0x";
				CLANG_CXX_LIBRARY = "libc++";
				CLANG_ENABLE_MODULES = YES;
				CLANG_ENABLE_OBJC_ARC = YES;
				CLANG_WARN_BOOL_CONVERSION = YES;
				CLANG_WARN_CONSTANT_CONVERSION = YES;
				CLANG_WARN_DIRECT_OBJC_ISA_USAGE = YES_ERROR;
				CLANG_WARN_DOCUMENTATION_COMMENTS = YES;
				CLANG_WARN_EMPTY_BODY = YES;
				CLANG_WARN_ENUM_CONVERSION = YES;
				CLANG_WARN_INFINITE_RECURSION = YES;
				CLANG_WARN_INT_CONVERSION = YES;
				CLANG_WARN_OBJC_ROOT_CLASS = YES_ERROR;
				CLANG_WARN_SUSPICIOUS_MOVE = YES;
				CLANG_WARN_SUSPICIOUS_MOVES = YES;
				CLANG_WARN_UNREACHABLE_CODE = YES;
				CLANG_WARN__DUPLICATE_METHOD_MATCH = YES;
				"CODE_SIGN_IDENTITY[sdk=iphoneos*]" = "iPhone Developer";
				COPY_PHASE_STRIP = NO;
				DEBUG_INFORMATION_FORMAT = dwarf;
				ENABLE_STRICT_OBJC_MSGSEND = YES;
				ENABLE_TESTABILITY = YES;
				GCC_C_LANGUAGE_STANDARD = gnu99;
				GCC_DYNAMIC_NO_PIC = NO;
				GCC_NO_COMMON_BLOCKS = YES;
				GCC_OPTIMIZATION_LEVEL = 0;
				GCC_PREPROCESSOR_DEFINITIONS = (
					"DEBUG=1",
					"$(inherited)",
				);
				GCC_WARN_64_TO_32_BIT_CONVERSION = YES;
				GCC_WARN_ABOUT_RETURN_TYPE = YES_ERROR;
				GCC_WARN_UNDECLARED_SELECTOR = YES;
				GCC_WARN_UNINITIALIZED_AUTOS = YES_AGGRESSIVE;
				GCC_WARN_UNUSED_FUNCTION = YES;
				GCC_WARN_UNUSED_VARIABLE = YES;
				IPHONEOS_DEPLOYMENT_TARGET = 10.0;
				MTL_ENABLE_DEBUG_INFO = YES;
				ONLY_ACTIVE_ARCH = YES;
				SDKROOT = iphoneos;
				SWIFT_ACTIVE_COMPILATION_CONDITIONS = DEBUG;
				SWIFT_OPTIMIZATION_LEVEL = "-Onone";
			};
			name = Debug;
		};
		38EFC4F01DAAB6380090E1DB /* Release */ = {
			isa = XCBuildConfiguration;
			buildSettings = {
				ALWAYS_SEARCH_USER_PATHS = NO;
				CLANG_ANALYZER_NONNULL = YES;
				CLANG_CXX_LANGUAGE_STANDARD = "gnu++0x";
				CLANG_CXX_LIBRARY = "libc++";
				CLANG_ENABLE_MODULES = YES;
				CLANG_ENABLE_OBJC_ARC = YES;
				CLANG_WARN_BOOL_CONVERSION = YES;
				CLANG_WARN_CONSTANT_CONVERSION = YES;
				CLANG_WARN_DIRECT_OBJC_ISA_USAGE = YES_ERROR;
				CLANG_WARN_DOCUMENTATION_COMMENTS = YES;
				CLANG_WARN_EMPTY_BODY = YES;
				CLANG_WARN_ENUM_CONVERSION = YES;
				CLANG_WARN_INFINITE_RECURSION = YES;
				CLANG_WARN_INT_CONVERSION = YES;
				CLANG_WARN_OBJC_ROOT_CLASS = YES_ERROR;
				CLANG_WARN_SUSPICIOUS_MOVE = YES;
				CLANG_WARN_SUSPICIOUS_MOVES = YES;
				CLANG_WARN_UNREACHABLE_CODE = YES;
				CLANG_WARN__DUPLICATE_METHOD_MATCH = YES;
				"CODE_SIGN_IDENTITY[sdk=iphoneos*]" = "iPhone Developer";
				COPY_PHASE_STRIP = NO;
				DEBUG_INFORMATION_FORMAT = "dwarf-with-dsym";
				ENABLE_NS_ASSERTIONS = NO;
				ENABLE_STRICT_OBJC_MSGSEND = YES;
				GCC_C_LANGUAGE_STANDARD = gnu99;
				GCC_NO_COMMON_BLOCKS = YES;
				GCC_WARN_64_TO_32_BIT_CONVERSION = YES;
				GCC_WARN_ABOUT_RETURN_TYPE = YES_ERROR;
				GCC_WARN_UNDECLARED_SELECTOR = YES;
				GCC_WARN_UNINITIALIZED_AUTOS = YES_AGGRESSIVE;
				GCC_WARN_UNUSED_FUNCTION = YES;
				GCC_WARN_UNUSED_VARIABLE = YES;
				IPHONEOS_DEPLOYMENT_TARGET = 10.0;
				MTL_ENABLE_DEBUG_INFO = NO;
				SDKROOT = iphoneos;
				SWIFT_OPTIMIZATION_LEVEL = "-Owholemodule";
				VALIDATE_PRODUCT = YES;
			};
			name = Release;
		};
		38EFC4F21DAAB6380090E1DB /* Debug */ = {
			isa = XCBuildConfiguration;
			baseConfigurationReference = B5FA5DEF0980D9B7D38C415F /* Pods-Thingy.debug.xcconfig */;
			buildSettings = {
				ALWAYS_EMBED_SWIFT_STANDARD_LIBRARIES = YES;
				ASSETCATALOG_COMPILER_APPICON_NAME = AppIcon;
				DEVELOPMENT_TEAM = GN5RD5DNZH;
				INFOPLIST_FILE = Thingy/Info.plist;
				LD_RUNPATH_SEARCH_PATHS = "$(inherited) @executable_path/Frameworks";
				PRODUCT_BUNDLE_IDENTIFIER = fs.Thingy;
				PRODUCT_NAME = "$(TARGET_NAME)";
				SWIFT_OBJC_BRIDGING_HEADER = "$(PROJECT_DIR)/$(PROJECT_NAME)/$(PROJECT_NAME)-Bridging-Header.h";
				SWIFT_VERSION = 3.0;
			};
			name = Debug;
		};
		38EFC4F31DAAB6380090E1DB /* Release */ = {
			isa = XCBuildConfiguration;
			baseConfigurationReference = CB23EF3F7CBE0173C6B02D63 /* Pods-Thingy.release.xcconfig */;
			buildSettings = {
				ALWAYS_EMBED_SWIFT_STANDARD_LIBRARIES = YES;
				ASSETCATALOG_COMPILER_APPICON_NAME = AppIcon;
				DEVELOPMENT_TEAM = GN5RD5DNZH;
				INFOPLIST_FILE = Thingy/Info.plist;
				LD_RUNPATH_SEARCH_PATHS = "$(inherited) @executable_path/Frameworks";
				PRODUCT_BUNDLE_IDENTIFIER = fs.Thingy;
				PRODUCT_NAME = "$(TARGET_NAME)";
				SWIFT_OBJC_BRIDGING_HEADER = "$(PROJECT_DIR)/$(PROJECT_NAME)/$(PROJECT_NAME)-Bridging-Header.h";
				SWIFT_VERSION = 3.0;
			};
			name = Release;
		};
		38EFC4F51DAAB6380090E1DB /* Debug */ = {
			isa = XCBuildConfiguration;
			baseConfigurationReference = 13A21310649A9CEA912891FB /* Pods-ThingyTests.debug.xcconfig */;
			buildSettings = {
				ALWAYS_EMBED_SWIFT_STANDARD_LIBRARIES = YES;
				BUNDLE_LOADER = "$(TEST_HOST)";
				DEVELOPMENT_TEAM = GN5RD5DNZH;
				INFOPLIST_FILE = ThingyTests/Info.plist;
				LD_RUNPATH_SEARCH_PATHS = "$(inherited) @executable_path/Frameworks @loader_path/Frameworks";
				PRODUCT_BUNDLE_IDENTIFIER = fs.ThingyTests;
				PRODUCT_NAME = "$(TARGET_NAME)";
				SWIFT_VERSION = 3.0;
				TEST_HOST = "$(BUILT_PRODUCTS_DIR)/Thingy.app/Thingy";
			};
			name = Debug;
		};
		38EFC4F61DAAB6380090E1DB /* Release */ = {
			isa = XCBuildConfiguration;
			baseConfigurationReference = 407FD10B0E4631A5B28DFA65 /* Pods-ThingyTests.release.xcconfig */;
			buildSettings = {
				ALWAYS_EMBED_SWIFT_STANDARD_LIBRARIES = YES;
				BUNDLE_LOADER = "$(TEST_HOST)";
				DEVELOPMENT_TEAM = GN5RD5DNZH;
				INFOPLIST_FILE = ThingyTests/Info.plist;
				LD_RUNPATH_SEARCH_PATHS = "$(inherited) @executable_path/Frameworks @loader_path/Frameworks";
				PRODUCT_BUNDLE_IDENTIFIER = fs.ThingyTests;
				PRODUCT_NAME = "$(TARGET_NAME)";
				SWIFT_VERSION = 3.0;
				TEST_HOST = "$(BUILT_PRODUCTS_DIR)/Thingy.app/Thingy";
			};
			name = Release;
		};
		38EFC4F81DAAB6380090E1DB /* Debug */ = {
			isa = XCBuildConfiguration;
			baseConfigurationReference = 36B3CA731D200DA275D67AAB /* Pods-ThingyUITests.debug.xcconfig */;
			buildSettings = {
				ALWAYS_EMBED_SWIFT_STANDARD_LIBRARIES = YES;
				DEVELOPMENT_TEAM = GN5RD5DNZH;
				INFOPLIST_FILE = ThingyUITests/Info.plist;
				LD_RUNPATH_SEARCH_PATHS = "$(inherited) @executable_path/Frameworks @loader_path/Frameworks";
				PRODUCT_BUNDLE_IDENTIFIER = fs.ThingyUITests;
				PRODUCT_NAME = "$(TARGET_NAME)";
				SWIFT_VERSION = 3.0;
				TEST_TARGET_NAME = Thingy;
			};
			name = Debug;
		};
		38EFC4F91DAAB6380090E1DB /* Release */ = {
			isa = XCBuildConfiguration;
			baseConfigurationReference = 2172858DB4F5206E569FE8B4 /* Pods-ThingyUITests.release.xcconfig */;
			buildSettings = {
				ALWAYS_EMBED_SWIFT_STANDARD_LIBRARIES = YES;
				DEVELOPMENT_TEAM = GN5RD5DNZH;
				INFOPLIST_FILE = ThingyUITests/Info.plist;
				LD_RUNPATH_SEARCH_PATHS = "$(inherited) @executable_path/Frameworks @loader_path/Frameworks";
				PRODUCT_BUNDLE_IDENTIFIER = fs.ThingyUITests;
				PRODUCT_NAME = "$(TARGET_NAME)";
				SWIFT_VERSION = 3.0;
				TEST_TARGET_NAME = Thingy;
			};
			name = Release;
		};
/* End XCBuildConfiguration section */

/* Begin XCConfigurationList section */
		38EFC4C21DAAB6370090E1DB /* Build configuration list for PBXProject "Thingy" */ = {
			isa = XCConfigurationList;
			buildConfigurations = (
				38EFC4EF1DAAB6380090E1DB /* Debug */,
				38EFC4F01DAAB6380090E1DB /* Release */,
			);
			defaultConfigurationIsVisible = 0;
			defaultConfigurationName = Release;
		};
		38EFC4F11DAAB6380090E1DB /* Build configuration list for PBXNativeTarget "Thingy" */ = {
			isa = XCConfigurationList;
			buildConfigurations = (
				38EFC4F21DAAB6380090E1DB /* Debug */,
				38EFC4F31DAAB6380090E1DB /* Release */,
			);
			defaultConfigurationIsVisible = 0;
			defaultConfigurationName = Release;
		};
		38EFC4F41DAAB6380090E1DB /* Build configuration list for PBXNativeTarget "ThingyTests" */ = {
			isa = XCConfigurationList;
			buildConfigurations = (
				38EFC4F51DAAB6380090E1DB /* Debug */,
				38EFC4F61DAAB6380090E1DB /* Release */,
			);
			defaultConfigurationIsVisible = 0;
			defaultConfigurationName = Release;
		};
		38EFC4F71DAAB6380090E1DB /* Build configuration list for PBXNativeTarget "ThingyUITests" */ = {
			isa = XCConfigurationList;
			buildConfigurations = (
				38EFC4F81DAAB6380090E1DB /* Debug */,
				38EFC4F91DAAB6380090E1DB /* Release */,
			);
			defaultConfigurationIsVisible = 0;
			defaultConfigurationName = Release;
		};
/* End XCConfigurationList section */
	};
	rootObject = 38EFC4BF1DAAB6370090E1DB /* Project object */;
}
